
Microsoft Visual Studio Solution File, Format Version 12.00
# Visual Studio Version 17
VisualStudioVersion = 17.0.32112.339
MinimumVisualStudioVersion = 10.0.40219.1
Project("{9A19103F-16F7-4668-BE54-9A1E7A4F7556}") = "TopTools", "TopTools\TopTools.csproj", "{F14266D8-BB40-435C-AB80-823B9EC682EF}"
EndProject
Project("{2150E333-8FDC-42A3-9474-1A3956D46DE8}") = "Modules", "Modules", "{1935F980-A8B7-42CB-ACC4-10D84FB5C53D}"
EndProject
Project("{9A19103F-16F7-4668-BE54-9A1E7A4F7556}") = "WaterMarkTools", "Modules\WaterMarkTools\WaterMarkTools.csproj", "{96D5A6F4-2553-4336-A27D-E265A05A6E53}"
EndProject
Project("{2150E333-8FDC-42A3-9474-1A3956D46DE8}") = "Commons", "Commons", "{06AF1607-71DC-4D43-9DD4-FBE78F69B4F7}"
EndProject
Project("{FAE04EC0-301F-11D3-BF4B-00C04F79EFBC}") = "HttpClientTools", "Modules\HttpClientTools\HttpClientTools.csproj", "{A9DC276C-AD86-411D-9F5F-60DF24CD304F}"
EndProject
Project("{FAE04EC0-301F-11D3-BF4B-00C04F79EFBC}") = "IndustryBasicLibrary", "Modules\IndustryBasicLibrary\IndustryBasicLibrary.csproj", "{5EB6811D-CB23-4702-98CD-D60742A862F2}"
EndProject
Project("{2150E333-8FDC-42A3-9474-1A3956D46DE8}") = "GMap.NET", "GMap.NET", "{3F3BE65E-3BF3-4AD9-966A-347644C07E1A}"
EndProject
Project("{FAE04EC0-301F-11D3-BF4B-00C04F79EFBC}") = "GMap.NET.Core", "GMap.NET\GMap.NET.Core\GMap.NET.Core.csproj", "{D0C39D9D-BED0-418B-9A5E-713176CAF40C}"
EndProject
Project("{FAE04EC0-301F-11D3-BF4B-00C04F79EFBC}") = "GMap.NET.WindowsForms", "GMap.NET\GMap.NET.WindowsForms\GMap.NET.WindowsForms.csproj", "{E06DEF77-F933-42FB-AFD7-DB2D0D8D6A98}"
EndProject
Project("{FAE04EC0-301F-11D3-BF4B-00C04F79EFBC}") = "GMap.NET.WindowsPresentation", "GMap.NET\GMap.NET.WindowsPresentation\GMap.NET.WindowsPresentation.csproj", "{644FE7D4-0184-400F-B2D7-99CB41360658}"
EndProject
Project("{FAE04EC0-301F-11D3-BF4B-00C04F79EFBC}") = "Demo.WindowsForms", "GMap.NET\Demo.WindowsForms\Demo.WindowsForms.csproj", "{A2E07A76-8B2C-41A2-B23E-EA31AE94D706}"
EndProject
Project("{FAE04EC0-301F-11D3-BF4B-00C04F79EFBC}") = "Demo.WindowsPresentation", "GMap.NET\Demo.WindowsPresentation\Demo.WindowsPresentation.csproj", "{83195AEF-0071-471C-9E8B-E67211F5D028}"
EndProject
Project("{FAE04EC0-301F-11D3-BF4B-00C04F79EFBC}") = "AudioVideoControlLibrary", "Modules\AudioVideoControlLibrary\AudioVideoControlLibrary.csproj", "{D08F8C3F-8B6F-4646-8316-066C8B6D50F2}"
EndProject
Project("{2150E333-8FDC-42A3-9474-1A3956D46DE8}") = "Test", "Test", "{58EE7190-D0CA-42AD-8D5D-7422E3CA4CE3}"
EndProject
Project("{9A19103F-16F7-4668-BE54-9A1E7A4F7556}") = "TesseractOCR", "Modules\TesseractOCR\TesseractOCR.csproj", "{C18332FB-F1ED-4FE9-9804-0D1CD67E646F}"
EndProject
Project("{2150E333-8FDC-42A3-9474-1A3956D46DE8}") = "UI", "UI", "{72605775-1517-4DE0-90F9-F9D66CDB8662}"
EndProject
Project("{9A19103F-16F7-4668-BE54-9A1E7A4F7556}") = "PhoenixSkins", "UI\PhoenixSkins\PhoenixSkins.csproj", "{A50BC1FF-14ED-4AFD-A14E-3278F667B5A5}"
EndProject
Project("{9A19103F-16F7-4668-BE54-9A1E7A4F7556}") = "PhoenixControl", "UI\PhoenixControl\PhoenixControl.csproj", "{F8E6B699-A86B-4956-A34D-FD712827B1E8}"
EndProject
Project("{9A19103F-16F7-4668-BE54-9A1E7A4F7556}") = "TopMethods", "Commons\TopMethods\TopMethods.csproj", "{C69A5743-D716-4041-8282-DDC520E4896F}"
EndProject
Project("{FAE04EC0-301F-11D3-BF4B-00C04F79EFBC}") = "TestWpfApp", "Test\TestWpfApp\TestWpfApp.csproj", "{4AF5DF27-3283-4030-BC6C-7069B70964E1}"
EndProject
Global
	GlobalSection(SolutionConfigurationPlatforms) = preSolution
		Debug|Any CPU = Debug|Any CPU
		Debug|x64 = Debug|x64
		Debug|x86 = Debug|x86
		Debug-Net45|Any CPU = Debug-Net45|Any CPU
		Debug-Net45|x64 = Debug-Net45|x64
		Debug-Net45|x86 = Debug-Net45|x86
		Debug-Net462|Any CPU = Debug-Net462|Any CPU
		Debug-Net462|x64 = Debug-Net462|x64
		Debug-Net462|x86 = Debug-Net462|x86
		Release|Any CPU = Release|Any CPU
		Release|x64 = Release|x64
		Release|x86 = Release|x86
		Release-Net45|Any CPU = Release-Net45|Any CPU
		Release-Net45|x64 = Release-Net45|x64
		Release-Net45|x86 = Release-Net45|x86
		Release-Net462|Any CPU = Release-Net462|Any CPU
		Release-Net462|x64 = Release-Net462|x64
		Release-Net462|x86 = Release-Net462|x86
		v4.0-Debug|Any CPU = v4.0-Debug|Any CPU
		v4.0-Debug|x64 = v4.0-Debug|x64
		v4.0-Debug|x86 = v4.0-Debug|x86
		v4.0-Release|Any CPU = v4.0-Release|Any CPU
		v4.0-Release|x64 = v4.0-Release|x64
		v4.0-Release|x86 = v4.0-Release|x86
	EndGlobalSection
	GlobalSection(ProjectConfigurationPlatforms) = postSolution
		{F14266D8-BB40-435C-AB80-823B9EC682EF}.Debug|Any CPU.ActiveCfg = Debug|Any CPU
		{F14266D8-BB40-435C-AB80-823B9EC682EF}.Debug|Any CPU.Build.0 = Debug|Any CPU
		{F14266D8-BB40-435C-AB80-823B9EC682EF}.Debug|x64.ActiveCfg = Debug|x64
		{F14266D8-BB40-435C-AB80-823B9EC682EF}.Debug|x64.Build.0 = Debug|x64
		{F14266D8-BB40-435C-AB80-823B9EC682EF}.Debug|x86.ActiveCfg = Debug|x86
		{F14266D8-BB40-435C-AB80-823B9EC682EF}.Debug|x86.Build.0 = Debug|x86
		{F14266D8-BB40-435C-AB80-823B9EC682EF}.Debug-Net45|Any CPU.ActiveCfg = Debug|Any CPU
		{F14266D8-BB40-435C-AB80-823B9EC682EF}.Debug-Net45|Any CPU.Build.0 = Debug|Any CPU
		{F14266D8-BB40-435C-AB80-823B9EC682EF}.Debug-Net45|x64.ActiveCfg = Debug|x64
		{F14266D8-BB40-435C-AB80-823B9EC682EF}.Debug-Net45|x64.Build.0 = Debug|x64
		{F14266D8-BB40-435C-AB80-823B9EC682EF}.Debug-Net45|x86.ActiveCfg = Debug|x86
		{F14266D8-BB40-435C-AB80-823B9EC682EF}.Debug-Net45|x86.Build.0 = Debug|x86
		{F14266D8-BB40-435C-AB80-823B9EC682EF}.Debug-Net462|Any CPU.ActiveCfg = Debug|Any CPU
		{F14266D8-BB40-435C-AB80-823B9EC682EF}.Debug-Net462|Any CPU.Build.0 = Debug|Any CPU
		{F14266D8-BB40-435C-AB80-823B9EC682EF}.Debug-Net462|x64.ActiveCfg = Debug|x64
		{F14266D8-BB40-435C-AB80-823B9EC682EF}.Debug-Net462|x64.Build.0 = Debug|x64
		{F14266D8-BB40-435C-AB80-823B9EC682EF}.Debug-Net462|x86.ActiveCfg = Debug|x86
		{F14266D8-BB40-435C-AB80-823B9EC682EF}.Debug-Net462|x86.Build.0 = Debug|x86
		{F14266D8-BB40-435C-AB80-823B9EC682EF}.Release|Any CPU.ActiveCfg = Release|Any CPU
		{F14266D8-BB40-435C-AB80-823B9EC682EF}.Release|Any CPU.Build.0 = Release|Any CPU
		{F14266D8-BB40-435C-AB80-823B9EC682EF}.Release|x64.ActiveCfg = Release|Any CPU
		{F14266D8-BB40-435C-AB80-823B9EC682EF}.Release|x64.Build.0 = Release|Any CPU
		{F14266D8-BB40-435C-AB80-823B9EC682EF}.Release|x86.ActiveCfg = Release|Any CPU
		{F14266D8-BB40-435C-AB80-823B9EC682EF}.Release|x86.Build.0 = Release|Any CPU
		{F14266D8-BB40-435C-AB80-823B9EC682EF}.Release-Net45|Any CPU.ActiveCfg = Release|Any CPU
		{F14266D8-BB40-435C-AB80-823B9EC682EF}.Release-Net45|Any CPU.Build.0 = Release|Any CPU
		{F14266D8-BB40-435C-AB80-823B9EC682EF}.Release-Net45|x64.ActiveCfg = Release|x64
		{F14266D8-BB40-435C-AB80-823B9EC682EF}.Release-Net45|x64.Build.0 = Release|x64
		{F14266D8-BB40-435C-AB80-823B9EC682EF}.Release-Net45|x86.ActiveCfg = Release|x86
		{F14266D8-BB40-435C-AB80-823B9EC682EF}.Release-Net45|x86.Build.0 = Release|x86
		{F14266D8-BB40-435C-AB80-823B9EC682EF}.Release-Net462|Any CPU.ActiveCfg = Release|Any CPU
		{F14266D8-BB40-435C-AB80-823B9EC682EF}.Release-Net462|Any CPU.Build.0 = Release|Any CPU
		{F14266D8-BB40-435C-AB80-823B9EC682EF}.Release-Net462|x64.ActiveCfg = Release|x64
		{F14266D8-BB40-435C-AB80-823B9EC682EF}.Release-Net462|x64.Build.0 = Release|x64
		{F14266D8-BB40-435C-AB80-823B9EC682EF}.Release-Net462|x86.ActiveCfg = Release|x86
		{F14266D8-BB40-435C-AB80-823B9EC682EF}.Release-Net462|x86.Build.0 = Release|x86
		{F14266D8-BB40-435C-AB80-823B9EC682EF}.v4.0-Debug|Any CPU.ActiveCfg = Debug|Any CPU
		{F14266D8-BB40-435C-AB80-823B9EC682EF}.v4.0-Debug|Any CPU.Build.0 = Debug|Any CPU
		{F14266D8-BB40-435C-AB80-823B9EC682EF}.v4.0-Debug|x64.ActiveCfg = Debug|x64
		{F14266D8-BB40-435C-AB80-823B9EC682EF}.v4.0-Debug|x64.Build.0 = Debug|x64
		{F14266D8-BB40-435C-AB80-823B9EC682EF}.v4.0-Debug|x86.ActiveCfg = Debug|x86
		{F14266D8-BB40-435C-AB80-823B9EC682EF}.v4.0-Debug|x86.Build.0 = Debug|x86
		{F14266D8-BB40-435C-AB80-823B9EC682EF}.v4.0-Release|Any CPU.ActiveCfg = Release|Any CPU
		{F14266D8-BB40-435C-AB80-823B9EC682EF}.v4.0-Release|Any CPU.Build.0 = Release|Any CPU
		{F14266D8-BB40-435C-AB80-823B9EC682EF}.v4.0-Release|x64.ActiveCfg = Release|x64
		{F14266D8-BB40-435C-AB80-823B9EC682EF}.v4.0-Release|x64.Build.0 = Release|x64
		{F14266D8-BB40-435C-AB80-823B9EC682EF}.v4.0-Release|x86.ActiveCfg = Release|x86
		{F14266D8-BB40-435C-AB80-823B9EC682EF}.v4.0-Release|x86.Build.0 = Release|x86
		{96D5A6F4-2553-4336-A27D-E265A05A6E53}.Debug|Any CPU.ActiveCfg = Debug|x86
		{96D5A6F4-2553-4336-A27D-E265A05A6E53}.Debug|Any CPU.Build.0 = Debug|x86
		{96D5A6F4-2553-4336-A27D-E265A05A6E53}.Debug|x64.ActiveCfg = Debug|x64
		{96D5A6F4-2553-4336-A27D-E265A05A6E53}.Debug|x64.Build.0 = Debug|x64
		{96D5A6F4-2553-4336-A27D-E265A05A6E53}.Debug|x86.ActiveCfg = Debug|x86
		{96D5A6F4-2553-4336-A27D-E265A05A6E53}.Debug|x86.Build.0 = Debug|x86
		{96D5A6F4-2553-4336-A27D-E265A05A6E53}.Debug-Net45|Any CPU.ActiveCfg = Debug|Any CPU
		{96D5A6F4-2553-4336-A27D-E265A05A6E53}.Debug-Net45|Any CPU.Build.0 = Debug|Any CPU
		{96D5A6F4-2553-4336-A27D-E265A05A6E53}.Debug-Net45|x64.ActiveCfg = Debug|x64
		{96D5A6F4-2553-4336-A27D-E265A05A6E53}.Debug-Net45|x64.Build.0 = Debug|x64
		{96D5A6F4-2553-4336-A27D-E265A05A6E53}.Debug-Net45|x86.ActiveCfg = Debug|x86
		{96D5A6F4-2553-4336-A27D-E265A05A6E53}.Debug-Net45|x86.Build.0 = Debug|x86
		{96D5A6F4-2553-4336-A27D-E265A05A6E53}.Debug-Net462|Any CPU.ActiveCfg = Debug|Any CPU
		{96D5A6F4-2553-4336-A27D-E265A05A6E53}.Debug-Net462|Any CPU.Build.0 = Debug|Any CPU
		{96D5A6F4-2553-4336-A27D-E265A05A6E53}.Debug-Net462|x64.ActiveCfg = Debug|x64
		{96D5A6F4-2553-4336-A27D-E265A05A6E53}.Debug-Net462|x64.Build.0 = Debug|x64
		{96D5A6F4-2553-4336-A27D-E265A05A6E53}.Debug-Net462|x86.ActiveCfg = Debug|x86
		{96D5A6F4-2553-4336-A27D-E265A05A6E53}.Debug-Net462|x86.Build.0 = Debug|x86
		{96D5A6F4-2553-4336-A27D-E265A05A6E53}.Release|Any CPU.ActiveCfg = Release|Any CPU
		{96D5A6F4-2553-4336-A27D-E265A05A6E53}.Release|Any CPU.Build.0 = Release|Any CPU
		{96D5A6F4-2553-4336-A27D-E265A05A6E53}.Release|x64.ActiveCfg = Release|Any CPU
		{96D5A6F4-2553-4336-A27D-E265A05A6E53}.Release|x64.Build.0 = Release|Any CPU
		{96D5A6F4-2553-4336-A27D-E265A05A6E53}.Release|x86.ActiveCfg = Release|Any CPU
		{96D5A6F4-2553-4336-A27D-E265A05A6E53}.Release|x86.Build.0 = Release|Any CPU
		{96D5A6F4-2553-4336-A27D-E265A05A6E53}.Release-Net45|Any CPU.ActiveCfg = Release|Any CPU
		{96D5A6F4-2553-4336-A27D-E265A05A6E53}.Release-Net45|Any CPU.Build.0 = Release|Any CPU
		{96D5A6F4-2553-4336-A27D-E265A05A6E53}.Release-Net45|x64.ActiveCfg = Release|x64
		{96D5A6F4-2553-4336-A27D-E265A05A6E53}.Release-Net45|x64.Build.0 = Release|x64
		{96D5A6F4-2553-4336-A27D-E265A05A6E53}.Release-Net45|x86.ActiveCfg = Release|x86
		{96D5A6F4-2553-4336-A27D-E265A05A6E53}.Release-Net45|x86.Build.0 = Release|x86
		{96D5A6F4-2553-4336-A27D-E265A05A6E53}.Release-Net462|Any CPU.ActiveCfg = Release|Any CPU
		{96D5A6F4-2553-4336-A27D-E265A05A6E53}.Release-Net462|Any CPU.Build.0 = Release|Any CPU
		{96D5A6F4-2553-4336-A27D-E265A05A6E53}.Release-Net462|x64.ActiveCfg = Release|x64
		{96D5A6F4-2553-4336-A27D-E265A05A6E53}.Release-Net462|x64.Build.0 = Release|x64
		{96D5A6F4-2553-4336-A27D-E265A05A6E53}.Release-Net462|x86.ActiveCfg = Release|x86
		{96D5A6F4-2553-4336-A27D-E265A05A6E53}.Release-Net462|x86.Build.0 = Release|x86
		{96D5A6F4-2553-4336-A27D-E265A05A6E53}.v4.0-Debug|Any CPU.ActiveCfg = Debug|Any CPU
		{96D5A6F4-2553-4336-A27D-E265A05A6E53}.v4.0-Debug|Any CPU.Build.0 = Debug|Any CPU
		{96D5A6F4-2553-4336-A27D-E265A05A6E53}.v4.0-Debug|x64.ActiveCfg = Debug|x64
		{96D5A6F4-2553-4336-A27D-E265A05A6E53}.v4.0-Debug|x64.Build.0 = Debug|x64
		{96D5A6F4-2553-4336-A27D-E265A05A6E53}.v4.0-Debug|x86.ActiveCfg = Debug|x86
		{96D5A6F4-2553-4336-A27D-E265A05A6E53}.v4.0-Debug|x86.Build.0 = Debug|x86
		{96D5A6F4-2553-4336-A27D-E265A05A6E53}.v4.0-Release|Any CPU.ActiveCfg = Release|Any CPU
		{96D5A6F4-2553-4336-A27D-E265A05A6E53}.v4.0-Release|Any CPU.Build.0 = Release|Any CPU
		{96D5A6F4-2553-4336-A27D-E265A05A6E53}.v4.0-Release|x64.ActiveCfg = Release|x64
		{96D5A6F4-2553-4336-A27D-E265A05A6E53}.v4.0-Release|x64.Build.0 = Release|x64
		{96D5A6F4-2553-4336-A27D-E265A05A6E53}.v4.0-Release|x86.ActiveCfg = Release|x86
		{96D5A6F4-2553-4336-A27D-E265A05A6E53}.v4.0-Release|x86.Build.0 = Release|x86
		{A9DC276C-AD86-411D-9F5F-60DF24CD304F}.Debug|Any CPU.ActiveCfg = Debug|x86
		{A9DC276C-AD86-411D-9F5F-60DF24CD304F}.Debug|Any CPU.Build.0 = Debug|x86
		{A9DC276C-AD86-411D-9F5F-60DF24CD304F}.Debug|x64.ActiveCfg = Debug|x64
		{A9DC276C-AD86-411D-9F5F-60DF24CD304F}.Debug|x64.Build.0 = Debug|x64
		{A9DC276C-AD86-411D-9F5F-60DF24CD304F}.Debug|x86.ActiveCfg = Debug|x86
		{A9DC276C-AD86-411D-9F5F-60DF24CD304F}.Debug|x86.Build.0 = Debug|x86
		{A9DC276C-AD86-411D-9F5F-60DF24CD304F}.Debug-Net45|Any CPU.ActiveCfg = Debug|Any CPU
		{A9DC276C-AD86-411D-9F5F-60DF24CD304F}.Debug-Net45|Any CPU.Build.0 = Debug|Any CPU
		{A9DC276C-AD86-411D-9F5F-60DF24CD304F}.Debug-Net45|x64.ActiveCfg = Debug|x64
		{A9DC276C-AD86-411D-9F5F-60DF24CD304F}.Debug-Net45|x64.Build.0 = Debug|x64
		{A9DC276C-AD86-411D-9F5F-60DF24CD304F}.Debug-Net45|x86.ActiveCfg = Debug|x86
		{A9DC276C-AD86-411D-9F5F-60DF24CD304F}.Debug-Net45|x86.Build.0 = Debug|x86
		{A9DC276C-AD86-411D-9F5F-60DF24CD304F}.Debug-Net462|Any CPU.ActiveCfg = Debug|Any CPU
		{A9DC276C-AD86-411D-9F5F-60DF24CD304F}.Debug-Net462|Any CPU.Build.0 = Debug|Any CPU
		{A9DC276C-AD86-411D-9F5F-60DF24CD304F}.Debug-Net462|x64.ActiveCfg = Debug|x64
		{A9DC276C-AD86-411D-9F5F-60DF24CD304F}.Debug-Net462|x64.Build.0 = Debug|x64
		{A9DC276C-AD86-411D-9F5F-60DF24CD304F}.Debug-Net462|x86.ActiveCfg = Debug|x86
		{A9DC276C-AD86-411D-9F5F-60DF24CD304F}.Debug-Net462|x86.Build.0 = Debug|x86
		{A9DC276C-AD86-411D-9F5F-60DF24CD304F}.Release|Any CPU.ActiveCfg = Release|Any CPU
		{A9DC276C-AD86-411D-9F5F-60DF24CD304F}.Release|Any CPU.Build.0 = Release|Any CPU
		{A9DC276C-AD86-411D-9F5F-60DF24CD304F}.Release|x64.ActiveCfg = Release|Any CPU
		{A9DC276C-AD86-411D-9F5F-60DF24CD304F}.Release|x64.Build.0 = Release|Any CPU
		{A9DC276C-AD86-411D-9F5F-60DF24CD304F}.Release|x86.ActiveCfg = Release|Any CPU
		{A9DC276C-AD86-411D-9F5F-60DF24CD304F}.Release|x86.Build.0 = Release|Any CPU
		{A9DC276C-AD86-411D-9F5F-60DF24CD304F}.Release-Net45|Any CPU.ActiveCfg = Release|Any CPU
		{A9DC276C-AD86-411D-9F5F-60DF24CD304F}.Release-Net45|Any CPU.Build.0 = Release|Any CPU
		{A9DC276C-AD86-411D-9F5F-60DF24CD304F}.Release-Net45|x64.ActiveCfg = Release|x64
		{A9DC276C-AD86-411D-9F5F-60DF24CD304F}.Release-Net45|x64.Build.0 = Release|x64
		{A9DC276C-AD86-411D-9F5F-60DF24CD304F}.Release-Net45|x86.ActiveCfg = Release|x86
		{A9DC276C-AD86-411D-9F5F-60DF24CD304F}.Release-Net45|x86.Build.0 = Release|x86
		{A9DC276C-AD86-411D-9F5F-60DF24CD304F}.Release-Net462|Any CPU.ActiveCfg = Release|Any CPU
		{A9DC276C-AD86-411D-9F5F-60DF24CD304F}.Release-Net462|Any CPU.Build.0 = Release|Any CPU
		{A9DC276C-AD86-411D-9F5F-60DF24CD304F}.Release-Net462|x64.ActiveCfg = Release|x64
		{A9DC276C-AD86-411D-9F5F-60DF24CD304F}.Release-Net462|x64.Build.0 = Release|x64
		{A9DC276C-AD86-411D-9F5F-60DF24CD304F}.Release-Net462|x86.ActiveCfg = Release|x86
		{A9DC276C-AD86-411D-9F5F-60DF24CD304F}.Release-Net462|x86.Build.0 = Release|x86
		{A9DC276C-AD86-411D-9F5F-60DF24CD304F}.v4.0-Debug|Any CPU.ActiveCfg = Debug|Any CPU
		{A9DC276C-AD86-411D-9F5F-60DF24CD304F}.v4.0-Debug|Any CPU.Build.0 = Debug|Any CPU
		{A9DC276C-AD86-411D-9F5F-60DF24CD304F}.v4.0-Debug|x64.ActiveCfg = Debug|x64
		{A9DC276C-AD86-411D-9F5F-60DF24CD304F}.v4.0-Debug|x64.Build.0 = Debug|x64
		{A9DC276C-AD86-411D-9F5F-60DF24CD304F}.v4.0-Debug|x86.ActiveCfg = Debug|x86
		{A9DC276C-AD86-411D-9F5F-60DF24CD304F}.v4.0-Debug|x86.Build.0 = Debug|x86
		{A9DC276C-AD86-411D-9F5F-60DF24CD304F}.v4.0-Release|Any CPU.ActiveCfg = Release|Any CPU
		{A9DC276C-AD86-411D-9F5F-60DF24CD304F}.v4.0-Release|Any CPU.Build.0 = Release|Any CPU
		{A9DC276C-AD86-411D-9F5F-60DF24CD304F}.v4.0-Release|x64.ActiveCfg = Release|x64
		{A9DC276C-AD86-411D-9F5F-60DF24CD304F}.v4.0-Release|x64.Build.0 = Release|x64
		{A9DC276C-AD86-411D-9F5F-60DF24CD304F}.v4.0-Release|x86.ActiveCfg = Release|x86
		{A9DC276C-AD86-411D-9F5F-60DF24CD304F}.v4.0-Release|x86.Build.0 = Release|x86
		{5EB6811D-CB23-4702-98CD-D60742A862F2}.Debug|Any CPU.ActiveCfg = Debug|x86
		{5EB6811D-CB23-4702-98CD-D60742A862F2}.Debug|Any CPU.Build.0 = Debug|x86
		{5EB6811D-CB23-4702-98CD-D60742A862F2}.Debug|x64.ActiveCfg = Debug|x64
		{5EB6811D-CB23-4702-98CD-D60742A862F2}.Debug|x64.Build.0 = Debug|x64
		{5EB6811D-CB23-4702-98CD-D60742A862F2}.Debug|x86.ActiveCfg = Debug|x86
		{5EB6811D-CB23-4702-98CD-D60742A862F2}.Debug|x86.Build.0 = Debug|x86
		{5EB6811D-CB23-4702-98CD-D60742A862F2}.Debug-Net45|Any CPU.ActiveCfg = Debug|Any CPU
		{5EB6811D-CB23-4702-98CD-D60742A862F2}.Debug-Net45|Any CPU.Build.0 = Debug|Any CPU
		{5EB6811D-CB23-4702-98CD-D60742A862F2}.Debug-Net45|x64.ActiveCfg = Debug|x64
		{5EB6811D-CB23-4702-98CD-D60742A862F2}.Debug-Net45|x64.Build.0 = Debug|x64
		{5EB6811D-CB23-4702-98CD-D60742A862F2}.Debug-Net45|x86.ActiveCfg = Debug|x86
		{5EB6811D-CB23-4702-98CD-D60742A862F2}.Debug-Net45|x86.Build.0 = Debug|x86
		{5EB6811D-CB23-4702-98CD-D60742A862F2}.Debug-Net462|Any CPU.ActiveCfg = Debug|Any CPU
		{5EB6811D-CB23-4702-98CD-D60742A862F2}.Debug-Net462|Any CPU.Build.0 = Debug|Any CPU
		{5EB6811D-CB23-4702-98CD-D60742A862F2}.Debug-Net462|x64.ActiveCfg = Debug|x64
		{5EB6811D-CB23-4702-98CD-D60742A862F2}.Debug-Net462|x64.Build.0 = Debug|x64
		{5EB6811D-CB23-4702-98CD-D60742A862F2}.Debug-Net462|x86.ActiveCfg = Debug|x86
		{5EB6811D-CB23-4702-98CD-D60742A862F2}.Debug-Net462|x86.Build.0 = Debug|x86
		{5EB6811D-CB23-4702-98CD-D60742A862F2}.Release|Any CPU.ActiveCfg = Release|Any CPU
		{5EB6811D-CB23-4702-98CD-D60742A862F2}.Release|Any CPU.Build.0 = Release|Any CPU
		{5EB6811D-CB23-4702-98CD-D60742A862F2}.Release|x64.ActiveCfg = Release|Any CPU
		{5EB6811D-CB23-4702-98CD-D60742A862F2}.Release|x64.Build.0 = Release|Any CPU
		{5EB6811D-CB23-4702-98CD-D60742A862F2}.Release|x86.ActiveCfg = Release|Any CPU
		{5EB6811D-CB23-4702-98CD-D60742A862F2}.Release|x86.Build.0 = Release|Any CPU
		{5EB6811D-CB23-4702-98CD-D60742A862F2}.Release-Net45|Any CPU.ActiveCfg = Release|Any CPU
		{5EB6811D-CB23-4702-98CD-D60742A862F2}.Release-Net45|Any CPU.Build.0 = Release|Any CPU
		{5EB6811D-CB23-4702-98CD-D60742A862F2}.Release-Net45|x64.ActiveCfg = Release|x64
		{5EB6811D-CB23-4702-98CD-D60742A862F2}.Release-Net45|x64.Build.0 = Release|x64
		{5EB6811D-CB23-4702-98CD-D60742A862F2}.Release-Net45|x86.ActiveCfg = Release|x86
		{5EB6811D-CB23-4702-98CD-D60742A862F2}.Release-Net45|x86.Build.0 = Release|x86
		{5EB6811D-CB23-4702-98CD-D60742A862F2}.Release-Net462|Any CPU.ActiveCfg = Release|Any CPU
		{5EB6811D-CB23-4702-98CD-D60742A862F2}.Release-Net462|Any CPU.Build.0 = Release|Any CPU
		{5EB6811D-CB23-4702-98CD-D60742A862F2}.Release-Net462|x64.ActiveCfg = Release|x64
		{5EB6811D-CB23-4702-98CD-D60742A862F2}.Release-Net462|x64.Build.0 = Release|x64
		{5EB6811D-CB23-4702-98CD-D60742A862F2}.Release-Net462|x86.ActiveCfg = Release|x86
		{5EB6811D-CB23-4702-98CD-D60742A862F2}.Release-Net462|x86.Build.0 = Release|x86
		{5EB6811D-CB23-4702-98CD-D60742A862F2}.v4.0-Debug|Any CPU.ActiveCfg = Debug|Any CPU
		{5EB6811D-CB23-4702-98CD-D60742A862F2}.v4.0-Debug|Any CPU.Build.0 = Debug|Any CPU
		{5EB6811D-CB23-4702-98CD-D60742A862F2}.v4.0-Debug|x64.ActiveCfg = Debug|x64
		{5EB6811D-CB23-4702-98CD-D60742A862F2}.v4.0-Debug|x64.Build.0 = Debug|x64
		{5EB6811D-CB23-4702-98CD-D60742A862F2}.v4.0-Debug|x86.ActiveCfg = Debug|x86
		{5EB6811D-CB23-4702-98CD-D60742A862F2}.v4.0-Debug|x86.Build.0 = Debug|x86
		{5EB6811D-CB23-4702-98CD-D60742A862F2}.v4.0-Release|Any CPU.ActiveCfg = Release|Any CPU
		{5EB6811D-CB23-4702-98CD-D60742A862F2}.v4.0-Release|Any CPU.Build.0 = Release|Any CPU
		{5EB6811D-CB23-4702-98CD-D60742A862F2}.v4.0-Release|x64.ActiveCfg = Release|x64
		{5EB6811D-CB23-4702-98CD-D60742A862F2}.v4.0-Release|x64.Build.0 = Release|x64
		{5EB6811D-CB23-4702-98CD-D60742A862F2}.v4.0-Release|x86.ActiveCfg = Release|x86
		{5EB6811D-CB23-4702-98CD-D60742A862F2}.v4.0-Release|x86.Build.0 = Release|x86
		{D0C39D9D-BED0-418B-9A5E-713176CAF40C}.Debug|Any CPU.ActiveCfg = Debug|Any CPU
		{D0C39D9D-BED0-418B-9A5E-713176CAF40C}.Debug|Any CPU.Build.0 = Debug|Any CPU
		{D0C39D9D-BED0-418B-9A5E-713176CAF40C}.Debug|x64.ActiveCfg = Debug|Any CPU
		{D0C39D9D-BED0-418B-9A5E-713176CAF40C}.Debug|x64.Build.0 = Debug|Any CPU
		{D0C39D9D-BED0-418B-9A5E-713176CAF40C}.Debug|x86.ActiveCfg = Debug|Any CPU
		{D0C39D9D-BED0-418B-9A5E-713176CAF40C}.Debug|x86.Build.0 = Debug|Any CPU
		{D0C39D9D-BED0-418B-9A5E-713176CAF40C}.Debug-Net45|Any CPU.ActiveCfg = Debug|Any CPU
		{D0C39D9D-BED0-418B-9A5E-713176CAF40C}.Debug-Net45|Any CPU.Build.0 = Debug|Any CPU
		{D0C39D9D-BED0-418B-9A5E-713176CAF40C}.Debug-Net45|x64.ActiveCfg = Debug|Any CPU
		{D0C39D9D-BED0-418B-9A5E-713176CAF40C}.Debug-Net45|x64.Build.0 = Debug|Any CPU
		{D0C39D9D-BED0-418B-9A5E-713176CAF40C}.Debug-Net45|x86.ActiveCfg = Debug|Any CPU
		{D0C39D9D-BED0-418B-9A5E-713176CAF40C}.Debug-Net45|x86.Build.0 = Debug|Any CPU
		{D0C39D9D-BED0-418B-9A5E-713176CAF40C}.Debug-Net462|Any CPU.ActiveCfg = Debug|Any CPU
		{D0C39D9D-BED0-418B-9A5E-713176CAF40C}.Debug-Net462|Any CPU.Build.0 = Debug|Any CPU
		{D0C39D9D-BED0-418B-9A5E-713176CAF40C}.Debug-Net462|x64.ActiveCfg = Debug|Any CPU
		{D0C39D9D-BED0-418B-9A5E-713176CAF40C}.Debug-Net462|x64.Build.0 = Debug|Any CPU
		{D0C39D9D-BED0-418B-9A5E-713176CAF40C}.Debug-Net462|x86.ActiveCfg = Debug|Any CPU
		{D0C39D9D-BED0-418B-9A5E-713176CAF40C}.Debug-Net462|x86.Build.0 = Debug|Any CPU
		{D0C39D9D-BED0-418B-9A5E-713176CAF40C}.Release|Any CPU.ActiveCfg = Release|Any CPU
		{D0C39D9D-BED0-418B-9A5E-713176CAF40C}.Release|Any CPU.Build.0 = Release|Any CPU
		{D0C39D9D-BED0-418B-9A5E-713176CAF40C}.Release|x64.ActiveCfg = Release|Any CPU
		{D0C39D9D-BED0-418B-9A5E-713176CAF40C}.Release|x64.Build.0 = Release|Any CPU
		{D0C39D9D-BED0-418B-9A5E-713176CAF40C}.Release|x86.ActiveCfg = Release|Any CPU
		{D0C39D9D-BED0-418B-9A5E-713176CAF40C}.Release|x86.Build.0 = Release|Any CPU
		{D0C39D9D-BED0-418B-9A5E-713176CAF40C}.Release-Net45|Any CPU.ActiveCfg = Release|Any CPU
		{D0C39D9D-BED0-418B-9A5E-713176CAF40C}.Release-Net45|Any CPU.Build.0 = Release|Any CPU
		{D0C39D9D-BED0-418B-9A5E-713176CAF40C}.Release-Net45|x64.ActiveCfg = Release|Any CPU
		{D0C39D9D-BED0-418B-9A5E-713176CAF40C}.Release-Net45|x64.Build.0 = Release|Any CPU
		{D0C39D9D-BED0-418B-9A5E-713176CAF40C}.Release-Net45|x86.ActiveCfg = Release|Any CPU
		{D0C39D9D-BED0-418B-9A5E-713176CAF40C}.Release-Net45|x86.Build.0 = Release|Any CPU
		{D0C39D9D-BED0-418B-9A5E-713176CAF40C}.Release-Net462|Any CPU.ActiveCfg = Release|Any CPU
		{D0C39D9D-BED0-418B-9A5E-713176CAF40C}.Release-Net462|Any CPU.Build.0 = Release|Any CPU
		{D0C39D9D-BED0-418B-9A5E-713176CAF40C}.Release-Net462|x64.ActiveCfg = Release|Any CPU
		{D0C39D9D-BED0-418B-9A5E-713176CAF40C}.Release-Net462|x64.Build.0 = Release|Any CPU
		{D0C39D9D-BED0-418B-9A5E-713176CAF40C}.Release-Net462|x86.ActiveCfg = Release|Any CPU
		{D0C39D9D-BED0-418B-9A5E-713176CAF40C}.Release-Net462|x86.Build.0 = Release|Any CPU
		{D0C39D9D-BED0-418B-9A5E-713176CAF40C}.v4.0-Debug|Any CPU.ActiveCfg = v4.0-Debug|Any CPU
		{D0C39D9D-BED0-418B-9A5E-713176CAF40C}.v4.0-Debug|Any CPU.Build.0 = v4.0-Debug|Any CPU
		{D0C39D9D-BED0-418B-9A5E-713176CAF40C}.v4.0-Debug|x64.ActiveCfg = v4.0-Debug|Any CPU
		{D0C39D9D-BED0-418B-9A5E-713176CAF40C}.v4.0-Debug|x64.Build.0 = v4.0-Debug|Any CPU
		{D0C39D9D-BED0-418B-9A5E-713176CAF40C}.v4.0-Debug|x86.ActiveCfg = v4.0-Debug|Any CPU
		{D0C39D9D-BED0-418B-9A5E-713176CAF40C}.v4.0-Debug|x86.Build.0 = v4.0-Debug|Any CPU
		{D0C39D9D-BED0-418B-9A5E-713176CAF40C}.v4.0-Release|Any CPU.ActiveCfg = v4.0-Release|Any CPU
		{D0C39D9D-BED0-418B-9A5E-713176CAF40C}.v4.0-Release|Any CPU.Build.0 = v4.0-Release|Any CPU
		{D0C39D9D-BED0-418B-9A5E-713176CAF40C}.v4.0-Release|x64.ActiveCfg = v4.0-Release|Any CPU
		{D0C39D9D-BED0-418B-9A5E-713176CAF40C}.v4.0-Release|x64.Build.0 = v4.0-Release|Any CPU
		{D0C39D9D-BED0-418B-9A5E-713176CAF40C}.v4.0-Release|x86.ActiveCfg = v4.0-Release|Any CPU
		{D0C39D9D-BED0-418B-9A5E-713176CAF40C}.v4.0-Release|x86.Build.0 = v4.0-Release|Any CPU
		{E06DEF77-F933-42FB-AFD7-DB2D0D8D6A98}.Debug|Any CPU.ActiveCfg = v4.0-Debug|Any CPU
		{E06DEF77-F933-42FB-AFD7-DB2D0D8D6A98}.Debug|Any CPU.Build.0 = v4.0-Debug|Any CPU
		{E06DEF77-F933-42FB-AFD7-DB2D0D8D6A98}.Debug|x64.ActiveCfg = Debug|Any CPU
		{E06DEF77-F933-42FB-AFD7-DB2D0D8D6A98}.Debug|x64.Build.0 = Debug|Any CPU
		{E06DEF77-F933-42FB-AFD7-DB2D0D8D6A98}.Debug|x86.ActiveCfg = v4.0-Debug|x86
		{E06DEF77-F933-42FB-AFD7-DB2D0D8D6A98}.Debug|x86.Build.0 = v4.0-Debug|x86
		{E06DEF77-F933-42FB-AFD7-DB2D0D8D6A98}.Debug-Net45|Any CPU.ActiveCfg = Debug|Any CPU
		{E06DEF77-F933-42FB-AFD7-DB2D0D8D6A98}.Debug-Net45|Any CPU.Build.0 = Debug|Any CPU
		{E06DEF77-F933-42FB-AFD7-DB2D0D8D6A98}.Debug-Net45|x64.ActiveCfg = Debug|Any CPU
		{E06DEF77-F933-42FB-AFD7-DB2D0D8D6A98}.Debug-Net45|x64.Build.0 = Debug|Any CPU
		{E06DEF77-F933-42FB-AFD7-DB2D0D8D6A98}.Debug-Net45|x86.ActiveCfg = Debug|Any CPU
		{E06DEF77-F933-42FB-AFD7-DB2D0D8D6A98}.Debug-Net45|x86.Build.0 = Debug|Any CPU
		{E06DEF77-F933-42FB-AFD7-DB2D0D8D6A98}.Debug-Net462|Any CPU.ActiveCfg = Debug|Any CPU
		{E06DEF77-F933-42FB-AFD7-DB2D0D8D6A98}.Debug-Net462|Any CPU.Build.0 = Debug|Any CPU
		{E06DEF77-F933-42FB-AFD7-DB2D0D8D6A98}.Debug-Net462|x64.ActiveCfg = Debug|Any CPU
		{E06DEF77-F933-42FB-AFD7-DB2D0D8D6A98}.Debug-Net462|x64.Build.0 = Debug|Any CPU
		{E06DEF77-F933-42FB-AFD7-DB2D0D8D6A98}.Debug-Net462|x86.ActiveCfg = Debug|Any CPU
		{E06DEF77-F933-42FB-AFD7-DB2D0D8D6A98}.Debug-Net462|x86.Build.0 = Debug|Any CPU
		{E06DEF77-F933-42FB-AFD7-DB2D0D8D6A98}.Release|Any CPU.ActiveCfg = Release|Any CPU
		{E06DEF77-F933-42FB-AFD7-DB2D0D8D6A98}.Release|Any CPU.Build.0 = Release|Any CPU
		{E06DEF77-F933-42FB-AFD7-DB2D0D8D6A98}.Release|x64.ActiveCfg = Release|Any CPU
		{E06DEF77-F933-42FB-AFD7-DB2D0D8D6A98}.Release|x64.Build.0 = Release|Any CPU
		{E06DEF77-F933-42FB-AFD7-DB2D0D8D6A98}.Release|x86.ActiveCfg = Release|Any CPU
		{E06DEF77-F933-42FB-AFD7-DB2D0D8D6A98}.Release|x86.Build.0 = Release|Any CPU
		{E06DEF77-F933-42FB-AFD7-DB2D0D8D6A98}.Release-Net45|Any CPU.ActiveCfg = Release|Any CPU
		{E06DEF77-F933-42FB-AFD7-DB2D0D8D6A98}.Release-Net45|Any CPU.Build.0 = Release|Any CPU
		{E06DEF77-F933-42FB-AFD7-DB2D0D8D6A98}.Release-Net45|x64.ActiveCfg = Release|Any CPU
		{E06DEF77-F933-42FB-AFD7-DB2D0D8D6A98}.Release-Net45|x64.Build.0 = Release|Any CPU
		{E06DEF77-F933-42FB-AFD7-DB2D0D8D6A98}.Release-Net45|x86.ActiveCfg = Release|Any CPU
		{E06DEF77-F933-42FB-AFD7-DB2D0D8D6A98}.Release-Net45|x86.Build.0 = Release|Any CPU
		{E06DEF77-F933-42FB-AFD7-DB2D0D8D6A98}.Release-Net462|Any CPU.ActiveCfg = Release|Any CPU
		{E06DEF77-F933-42FB-AFD7-DB2D0D8D6A98}.Release-Net462|Any CPU.Build.0 = Release|Any CPU
		{E06DEF77-F933-42FB-AFD7-DB2D0D8D6A98}.Release-Net462|x64.ActiveCfg = Release|Any CPU
		{E06DEF77-F933-42FB-AFD7-DB2D0D8D6A98}.Release-Net462|x64.Build.0 = Release|Any CPU
		{E06DEF77-F933-42FB-AFD7-DB2D0D8D6A98}.Release-Net462|x86.ActiveCfg = Release|Any CPU
		{E06DEF77-F933-42FB-AFD7-DB2D0D8D6A98}.Release-Net462|x86.Build.0 = Release|Any CPU
		{E06DEF77-F933-42FB-AFD7-DB2D0D8D6A98}.v4.0-Debug|Any CPU.ActiveCfg = v4.0-Debug|Any CPU
		{E06DEF77-F933-42FB-AFD7-DB2D0D8D6A98}.v4.0-Debug|Any CPU.Build.0 = v4.0-Debug|Any CPU
		{E06DEF77-F933-42FB-AFD7-DB2D0D8D6A98}.v4.0-Debug|x64.ActiveCfg = v4.0-Debug|Any CPU
		{E06DEF77-F933-42FB-AFD7-DB2D0D8D6A98}.v4.0-Debug|x64.Build.0 = v4.0-Debug|Any CPU
		{E06DEF77-F933-42FB-AFD7-DB2D0D8D6A98}.v4.0-Debug|x86.ActiveCfg = v4.0-Debug|Any CPU
		{E06DEF77-F933-42FB-AFD7-DB2D0D8D6A98}.v4.0-Debug|x86.Build.0 = v4.0-Debug|Any CPU
		{E06DEF77-F933-42FB-AFD7-DB2D0D8D6A98}.v4.0-Release|Any CPU.ActiveCfg = v4.0-Release|Any CPU
		{E06DEF77-F933-42FB-AFD7-DB2D0D8D6A98}.v4.0-Release|Any CPU.Build.0 = v4.0-Release|Any CPU
		{E06DEF77-F933-42FB-AFD7-DB2D0D8D6A98}.v4.0-Release|x64.ActiveCfg = v4.0-Release|Any CPU
		{E06DEF77-F933-42FB-AFD7-DB2D0D8D6A98}.v4.0-Release|x64.Build.0 = v4.0-Release|Any CPU
		{E06DEF77-F933-42FB-AFD7-DB2D0D8D6A98}.v4.0-Release|x86.ActiveCfg = v4.0-Release|Any CPU
		{E06DEF77-F933-42FB-AFD7-DB2D0D8D6A98}.v4.0-Release|x86.Build.0 = v4.0-Release|Any CPU
		{644FE7D4-0184-400F-B2D7-99CB41360658}.Debug|Any CPU.ActiveCfg = Debug|Any CPU
		{644FE7D4-0184-400F-B2D7-99CB41360658}.Debug|Any CPU.Build.0 = Debug|Any CPU
		{644FE7D4-0184-400F-B2D7-99CB41360658}.Debug|x64.ActiveCfg = Debug|Any CPU
		{644FE7D4-0184-400F-B2D7-99CB41360658}.Debug|x64.Build.0 = Debug|Any CPU
		{644FE7D4-0184-400F-B2D7-99CB41360658}.Debug|x86.ActiveCfg = Debug|x86
		{644FE7D4-0184-400F-B2D7-99CB41360658}.Debug|x86.Build.0 = Debug|x86
		{644FE7D4-0184-400F-B2D7-99CB41360658}.Debug-Net45|Any CPU.ActiveCfg = Debug|Any CPU
		{644FE7D4-0184-400F-B2D7-99CB41360658}.Debug-Net45|Any CPU.Build.0 = Debug|Any CPU
		{644FE7D4-0184-400F-B2D7-99CB41360658}.Debug-Net45|x64.ActiveCfg = Debug|Any CPU
		{644FE7D4-0184-400F-B2D7-99CB41360658}.Debug-Net45|x64.Build.0 = Debug|Any CPU
		{644FE7D4-0184-400F-B2D7-99CB41360658}.Debug-Net45|x86.ActiveCfg = Debug|x86
		{644FE7D4-0184-400F-B2D7-99CB41360658}.Debug-Net45|x86.Build.0 = Debug|x86
		{644FE7D4-0184-400F-B2D7-99CB41360658}.Debug-Net462|Any CPU.ActiveCfg = Debug|Any CPU
		{644FE7D4-0184-400F-B2D7-99CB41360658}.Debug-Net462|Any CPU.Build.0 = Debug|Any CPU
		{644FE7D4-0184-400F-B2D7-99CB41360658}.Debug-Net462|x64.ActiveCfg = Debug|Any CPU
		{644FE7D4-0184-400F-B2D7-99CB41360658}.Debug-Net462|x64.Build.0 = Debug|Any CPU
		{644FE7D4-0184-400F-B2D7-99CB41360658}.Debug-Net462|x86.ActiveCfg = Debug|x86
		{644FE7D4-0184-400F-B2D7-99CB41360658}.Debug-Net462|x86.Build.0 = Debug|x86
		{644FE7D4-0184-400F-B2D7-99CB41360658}.Release|Any CPU.ActiveCfg = Release|Any CPU
		{644FE7D4-0184-400F-B2D7-99CB41360658}.Release|Any CPU.Build.0 = Release|Any CPU
		{644FE7D4-0184-400F-B2D7-99CB41360658}.Release|x64.ActiveCfg = Release|Any CPU
		{644FE7D4-0184-400F-B2D7-99CB41360658}.Release|x64.Build.0 = Release|Any CPU
		{644FE7D4-0184-400F-B2D7-99CB41360658}.Release|x86.ActiveCfg = Release|x86
		{644FE7D4-0184-400F-B2D7-99CB41360658}.Release|x86.Build.0 = Release|x86
		{644FE7D4-0184-400F-B2D7-99CB41360658}.Release-Net45|Any CPU.ActiveCfg = Release|Any CPU
		{644FE7D4-0184-400F-B2D7-99CB41360658}.Release-Net45|Any CPU.Build.0 = Release|Any CPU
		{644FE7D4-0184-400F-B2D7-99CB41360658}.Release-Net45|x64.ActiveCfg = Release|Any CPU
		{644FE7D4-0184-400F-B2D7-99CB41360658}.Release-Net45|x64.Build.0 = Release|Any CPU
		{644FE7D4-0184-400F-B2D7-99CB41360658}.Release-Net45|x86.ActiveCfg = Release|x86
		{644FE7D4-0184-400F-B2D7-99CB41360658}.Release-Net45|x86.Build.0 = Release|x86
		{644FE7D4-0184-400F-B2D7-99CB41360658}.Release-Net462|Any CPU.ActiveCfg = Release|Any CPU
		{644FE7D4-0184-400F-B2D7-99CB41360658}.Release-Net462|Any CPU.Build.0 = Release|Any CPU
		{644FE7D4-0184-400F-B2D7-99CB41360658}.Release-Net462|x64.ActiveCfg = Release|Any CPU
		{644FE7D4-0184-400F-B2D7-99CB41360658}.Release-Net462|x64.Build.0 = Release|Any CPU
		{644FE7D4-0184-400F-B2D7-99CB41360658}.Release-Net462|x86.ActiveCfg = Release|x86
		{644FE7D4-0184-400F-B2D7-99CB41360658}.Release-Net462|x86.Build.0 = Release|x86
		{644FE7D4-0184-400F-B2D7-99CB41360658}.v4.0-Debug|Any CPU.ActiveCfg = v4.0-Debug|Any CPU
		{644FE7D4-0184-400F-B2D7-99CB41360658}.v4.0-Debug|Any CPU.Build.0 = v4.0-Debug|Any CPU
		{644FE7D4-0184-400F-B2D7-99CB41360658}.v4.0-Debug|x64.ActiveCfg = v4.0-Debug|Any CPU
		{644FE7D4-0184-400F-B2D7-99CB41360658}.v4.0-Debug|x64.Build.0 = v4.0-Debug|Any CPU
		{644FE7D4-0184-400F-B2D7-99CB41360658}.v4.0-Debug|x86.ActiveCfg = v4.0-Debug|x86
		{644FE7D4-0184-400F-B2D7-99CB41360658}.v4.0-Debug|x86.Build.0 = v4.0-Debug|x86
		{644FE7D4-0184-400F-B2D7-99CB41360658}.v4.0-Release|Any CPU.ActiveCfg = v4.0-Release|Any CPU
		{644FE7D4-0184-400F-B2D7-99CB41360658}.v4.0-Release|Any CPU.Build.0 = v4.0-Release|Any CPU
		{644FE7D4-0184-400F-B2D7-99CB41360658}.v4.0-Release|x64.ActiveCfg = v4.0-Release|Any CPU
		{644FE7D4-0184-400F-B2D7-99CB41360658}.v4.0-Release|x64.Build.0 = v4.0-Release|Any CPU
		{644FE7D4-0184-400F-B2D7-99CB41360658}.v4.0-Release|x86.ActiveCfg = v4.0-Release|x86
		{644FE7D4-0184-400F-B2D7-99CB41360658}.v4.0-Release|x86.Build.0 = v4.0-Release|x86
		{A2E07A76-8B2C-41A2-B23E-EA31AE94D706}.Debug|Any CPU.ActiveCfg = v4.0-Debug|Any CPU
		{A2E07A76-8B2C-41A2-B23E-EA31AE94D706}.Debug|Any CPU.Build.0 = v4.0-Debug|Any CPU
		{A2E07A76-8B2C-41A2-B23E-EA31AE94D706}.Debug|x64.ActiveCfg = Debug|Any CPU
		{A2E07A76-8B2C-41A2-B23E-EA31AE94D706}.Debug|x64.Build.0 = Debug|Any CPU
		{A2E07A76-8B2C-41A2-B23E-EA31AE94D706}.Debug|x86.ActiveCfg = v4.0-Debug|x86
		{A2E07A76-8B2C-41A2-B23E-EA31AE94D706}.Debug|x86.Build.0 = v4.0-Debug|x86
		{A2E07A76-8B2C-41A2-B23E-EA31AE94D706}.Debug-Net45|Any CPU.ActiveCfg = Debug|Any CPU
		{A2E07A76-8B2C-41A2-B23E-EA31AE94D706}.Debug-Net45|Any CPU.Build.0 = Debug|Any CPU
		{A2E07A76-8B2C-41A2-B23E-EA31AE94D706}.Debug-Net45|x64.ActiveCfg = Debug|Any CPU
		{A2E07A76-8B2C-41A2-B23E-EA31AE94D706}.Debug-Net45|x64.Build.0 = Debug|Any CPU
		{A2E07A76-8B2C-41A2-B23E-EA31AE94D706}.Debug-Net45|x86.ActiveCfg = Debug|x86
		{A2E07A76-8B2C-41A2-B23E-EA31AE94D706}.Debug-Net45|x86.Build.0 = Debug|x86
		{A2E07A76-8B2C-41A2-B23E-EA31AE94D706}.Debug-Net462|Any CPU.ActiveCfg = Debug|Any CPU
		{A2E07A76-8B2C-41A2-B23E-EA31AE94D706}.Debug-Net462|Any CPU.Build.0 = Debug|Any CPU
		{A2E07A76-8B2C-41A2-B23E-EA31AE94D706}.Debug-Net462|x64.ActiveCfg = Debug|Any CPU
		{A2E07A76-8B2C-41A2-B23E-EA31AE94D706}.Debug-Net462|x64.Build.0 = Debug|Any CPU
		{A2E07A76-8B2C-41A2-B23E-EA31AE94D706}.Debug-Net462|x86.ActiveCfg = Debug|x86
		{A2E07A76-8B2C-41A2-B23E-EA31AE94D706}.Debug-Net462|x86.Build.0 = Debug|x86
		{A2E07A76-8B2C-41A2-B23E-EA31AE94D706}.Release|Any CPU.ActiveCfg = Release|Any CPU
		{A2E07A76-8B2C-41A2-B23E-EA31AE94D706}.Release|Any CPU.Build.0 = Release|Any CPU
		{A2E07A76-8B2C-41A2-B23E-EA31AE94D706}.Release|x64.ActiveCfg = Release|Any CPU
		{A2E07A76-8B2C-41A2-B23E-EA31AE94D706}.Release|x64.Build.0 = Release|Any CPU
		{A2E07A76-8B2C-41A2-B23E-EA31AE94D706}.Release|x86.ActiveCfg = Release|x86
		{A2E07A76-8B2C-41A2-B23E-EA31AE94D706}.Release|x86.Build.0 = Release|x86
		{A2E07A76-8B2C-41A2-B23E-EA31AE94D706}.Release-Net45|Any CPU.ActiveCfg = Release|Any CPU
		{A2E07A76-8B2C-41A2-B23E-EA31AE94D706}.Release-Net45|Any CPU.Build.0 = Release|Any CPU
		{A2E07A76-8B2C-41A2-B23E-EA31AE94D706}.Release-Net45|x64.ActiveCfg = Release|Any CPU
		{A2E07A76-8B2C-41A2-B23E-EA31AE94D706}.Release-Net45|x64.Build.0 = Release|Any CPU
		{A2E07A76-8B2C-41A2-B23E-EA31AE94D706}.Release-Net45|x86.ActiveCfg = Release|x86
		{A2E07A76-8B2C-41A2-B23E-EA31AE94D706}.Release-Net45|x86.Build.0 = Release|x86
		{A2E07A76-8B2C-41A2-B23E-EA31AE94D706}.Release-Net462|Any CPU.ActiveCfg = Release|Any CPU
		{A2E07A76-8B2C-41A2-B23E-EA31AE94D706}.Release-Net462|Any CPU.Build.0 = Release|Any CPU
		{A2E07A76-8B2C-41A2-B23E-EA31AE94D706}.Release-Net462|x64.ActiveCfg = Release|Any CPU
		{A2E07A76-8B2C-41A2-B23E-EA31AE94D706}.Release-Net462|x64.Build.0 = Release|Any CPU
		{A2E07A76-8B2C-41A2-B23E-EA31AE94D706}.Release-Net462|x86.ActiveCfg = Release|x86
		{A2E07A76-8B2C-41A2-B23E-EA31AE94D706}.Release-Net462|x86.Build.0 = Release|x86
		{A2E07A76-8B2C-41A2-B23E-EA31AE94D706}.v4.0-Debug|Any CPU.ActiveCfg = v4.0-Debug|Any CPU
		{A2E07A76-8B2C-41A2-B23E-EA31AE94D706}.v4.0-Debug|Any CPU.Build.0 = v4.0-Debug|Any CPU
		{A2E07A76-8B2C-41A2-B23E-EA31AE94D706}.v4.0-Debug|x64.ActiveCfg = v4.0-Debug|Any CPU
		{A2E07A76-8B2C-41A2-B23E-EA31AE94D706}.v4.0-Debug|x64.Build.0 = v4.0-Debug|Any CPU
		{A2E07A76-8B2C-41A2-B23E-EA31AE94D706}.v4.0-Debug|x86.ActiveCfg = v4.0-Debug|x86
		{A2E07A76-8B2C-41A2-B23E-EA31AE94D706}.v4.0-Debug|x86.Build.0 = v4.0-Debug|x86
		{A2E07A76-8B2C-41A2-B23E-EA31AE94D706}.v4.0-Release|Any CPU.ActiveCfg = v4.0-Release|Any CPU
		{A2E07A76-8B2C-41A2-B23E-EA31AE94D706}.v4.0-Release|Any CPU.Build.0 = v4.0-Release|Any CPU
		{A2E07A76-8B2C-41A2-B23E-EA31AE94D706}.v4.0-Release|x64.ActiveCfg = v4.0-Release|Any CPU
		{A2E07A76-8B2C-41A2-B23E-EA31AE94D706}.v4.0-Release|x64.Build.0 = v4.0-Release|Any CPU
		{A2E07A76-8B2C-41A2-B23E-EA31AE94D706}.v4.0-Release|x86.ActiveCfg = v4.0-Release|x86
		{A2E07A76-8B2C-41A2-B23E-EA31AE94D706}.v4.0-Release|x86.Build.0 = v4.0-Release|x86
		{83195AEF-0071-471C-9E8B-E67211F5D028}.Debug|Any CPU.ActiveCfg = Debug|Any CPU
		{83195AEF-0071-471C-9E8B-E67211F5D028}.Debug|Any CPU.Build.0 = Debug|Any CPU
		{83195AEF-0071-471C-9E8B-E67211F5D028}.Debug|x64.ActiveCfg = Debug|Any CPU
		{83195AEF-0071-471C-9E8B-E67211F5D028}.Debug|x64.Build.0 = Debug|Any CPU
		{83195AEF-0071-471C-9E8B-E67211F5D028}.Debug|x86.ActiveCfg = Debug|Any CPU
		{83195AEF-0071-471C-9E8B-E67211F5D028}.Debug|x86.Build.0 = Debug|Any CPU
		{83195AEF-0071-471C-9E8B-E67211F5D028}.Debug-Net45|Any CPU.ActiveCfg = Debug|Any CPU
		{83195AEF-0071-471C-9E8B-E67211F5D028}.Debug-Net45|Any CPU.Build.0 = Debug|Any CPU
		{83195AEF-0071-471C-9E8B-E67211F5D028}.Debug-Net45|x64.ActiveCfg = Debug|Any CPU
		{83195AEF-0071-471C-9E8B-E67211F5D028}.Debug-Net45|x64.Build.0 = Debug|Any CPU
		{83195AEF-0071-471C-9E8B-E67211F5D028}.Debug-Net45|x86.ActiveCfg = Debug|x86
		{83195AEF-0071-471C-9E8B-E67211F5D028}.Debug-Net45|x86.Build.0 = Debug|x86
		{83195AEF-0071-471C-9E8B-E67211F5D028}.Debug-Net462|Any CPU.ActiveCfg = Debug|Any CPU
		{83195AEF-0071-471C-9E8B-E67211F5D028}.Debug-Net462|Any CPU.Build.0 = Debug|Any CPU
		{83195AEF-0071-471C-9E8B-E67211F5D028}.Debug-Net462|x64.ActiveCfg = Debug|Any CPU
		{83195AEF-0071-471C-9E8B-E67211F5D028}.Debug-Net462|x64.Build.0 = Debug|Any CPU
		{83195AEF-0071-471C-9E8B-E67211F5D028}.Debug-Net462|x86.ActiveCfg = Debug|x86
		{83195AEF-0071-471C-9E8B-E67211F5D028}.Debug-Net462|x86.Build.0 = Debug|x86
		{83195AEF-0071-471C-9E8B-E67211F5D028}.Release|Any CPU.ActiveCfg = Release|Any CPU
		{83195AEF-0071-471C-9E8B-E67211F5D028}.Release|Any CPU.Build.0 = Release|Any CPU
		{83195AEF-0071-471C-9E8B-E67211F5D028}.Release|x64.ActiveCfg = Release|Any CPU
		{83195AEF-0071-471C-9E8B-E67211F5D028}.Release|x64.Build.0 = Release|Any CPU
		{83195AEF-0071-471C-9E8B-E67211F5D028}.Release|x86.ActiveCfg = Release|x86
		{83195AEF-0071-471C-9E8B-E67211F5D028}.Release|x86.Build.0 = Release|x86
		{83195AEF-0071-471C-9E8B-E67211F5D028}.Release-Net45|Any CPU.ActiveCfg = Release|Any CPU
		{83195AEF-0071-471C-9E8B-E67211F5D028}.Release-Net45|Any CPU.Build.0 = Release|Any CPU
		{83195AEF-0071-471C-9E8B-E67211F5D028}.Release-Net45|x64.ActiveCfg = Release|Any CPU
		{83195AEF-0071-471C-9E8B-E67211F5D028}.Release-Net45|x64.Build.0 = Release|Any CPU
		{83195AEF-0071-471C-9E8B-E67211F5D028}.Release-Net45|x86.ActiveCfg = Release|x86
		{83195AEF-0071-471C-9E8B-E67211F5D028}.Release-Net45|x86.Build.0 = Release|x86
		{83195AEF-0071-471C-9E8B-E67211F5D028}.Release-Net462|Any CPU.ActiveCfg = Release|Any CPU
		{83195AEF-0071-471C-9E8B-E67211F5D028}.Release-Net462|Any CPU.Build.0 = Release|Any CPU
		{83195AEF-0071-471C-9E8B-E67211F5D028}.Release-Net462|x64.ActiveCfg = Release|Any CPU
		{83195AEF-0071-471C-9E8B-E67211F5D028}.Release-Net462|x64.Build.0 = Release|Any CPU
		{83195AEF-0071-471C-9E8B-E67211F5D028}.Release-Net462|x86.ActiveCfg = Release|x86
		{83195AEF-0071-471C-9E8B-E67211F5D028}.Release-Net462|x86.Build.0 = Release|x86
		{83195AEF-0071-471C-9E8B-E67211F5D028}.v4.0-Debug|Any CPU.ActiveCfg = v4.0-Debug|Any CPU
		{83195AEF-0071-471C-9E8B-E67211F5D028}.v4.0-Debug|Any CPU.Build.0 = v4.0-Debug|Any CPU
		{83195AEF-0071-471C-9E8B-E67211F5D028}.v4.0-Debug|x64.ActiveCfg = v4.0-Debug|Any CPU
		{83195AEF-0071-471C-9E8B-E67211F5D028}.v4.0-Debug|x64.Build.0 = v4.0-Debug|Any CPU
		{83195AEF-0071-471C-9E8B-E67211F5D028}.v4.0-Debug|x86.ActiveCfg = v4.0-Debug|x86
		{83195AEF-0071-471C-9E8B-E67211F5D028}.v4.0-Debug|x86.Build.0 = v4.0-Debug|x86
		{83195AEF-0071-471C-9E8B-E67211F5D028}.v4.0-Release|Any CPU.ActiveCfg = v4.0-Release|Any CPU
		{83195AEF-0071-471C-9E8B-E67211F5D028}.v4.0-Release|Any CPU.Build.0 = v4.0-Release|Any CPU
		{83195AEF-0071-471C-9E8B-E67211F5D028}.v4.0-Release|x64.ActiveCfg = v4.0-Release|Any CPU
		{83195AEF-0071-471C-9E8B-E67211F5D028}.v4.0-Release|x64.Build.0 = v4.0-Release|Any CPU
		{83195AEF-0071-471C-9E8B-E67211F5D028}.v4.0-Release|x86.ActiveCfg = v4.0-Release|x86
		{83195AEF-0071-471C-9E8B-E67211F5D028}.v4.0-Release|x86.Build.0 = v4.0-Release|x86
		{D08F8C3F-8B6F-4646-8316-066C8B6D50F2}.Debug|Any CPU.ActiveCfg = Debug|Any CPU
		{D08F8C3F-8B6F-4646-8316-066C8B6D50F2}.Debug|Any CPU.Build.0 = Debug|Any CPU
		{D08F8C3F-8B6F-4646-8316-066C8B6D50F2}.Debug|x64.ActiveCfg = Debug|Any CPU
		{D08F8C3F-8B6F-4646-8316-066C8B6D50F2}.Debug|x64.Build.0 = Debug|Any CPU
		{D08F8C3F-8B6F-4646-8316-066C8B6D50F2}.Debug|x86.ActiveCfg = Debug|x86
		{D08F8C3F-8B6F-4646-8316-066C8B6D50F2}.Debug|x86.Build.0 = Debug|x86
		{D08F8C3F-8B6F-4646-8316-066C8B6D50F2}.Debug-Net45|Any CPU.ActiveCfg = Debug|Any CPU
		{D08F8C3F-8B6F-4646-8316-066C8B6D50F2}.Debug-Net45|Any CPU.Build.0 = Debug|Any CPU
		{D08F8C3F-8B6F-4646-8316-066C8B6D50F2}.Debug-Net45|x64.ActiveCfg = Debug|Any CPU
		{D08F8C3F-8B6F-4646-8316-066C8B6D50F2}.Debug-Net45|x64.Build.0 = Debug|Any CPU
		{D08F8C3F-8B6F-4646-8316-066C8B6D50F2}.Debug-Net45|x86.ActiveCfg = Debug|Any CPU
		{D08F8C3F-8B6F-4646-8316-066C8B6D50F2}.Debug-Net45|x86.Build.0 = Debug|Any CPU
		{D08F8C3F-8B6F-4646-8316-066C8B6D50F2}.Debug-Net462|Any CPU.ActiveCfg = Debug|Any CPU
		{D08F8C3F-8B6F-4646-8316-066C8B6D50F2}.Debug-Net462|Any CPU.Build.0 = Debug|Any CPU
		{D08F8C3F-8B6F-4646-8316-066C8B6D50F2}.Debug-Net462|x64.ActiveCfg = Debug|Any CPU
		{D08F8C3F-8B6F-4646-8316-066C8B6D50F2}.Debug-Net462|x64.Build.0 = Debug|Any CPU
		{D08F8C3F-8B6F-4646-8316-066C8B6D50F2}.Debug-Net462|x86.ActiveCfg = Debug|Any CPU
		{D08F8C3F-8B6F-4646-8316-066C8B6D50F2}.Debug-Net462|x86.Build.0 = Debug|Any CPU
		{D08F8C3F-8B6F-4646-8316-066C8B6D50F2}.Release|Any CPU.ActiveCfg = Release|Any CPU
		{D08F8C3F-8B6F-4646-8316-066C8B6D50F2}.Release|Any CPU.Build.0 = Release|Any CPU
		{D08F8C3F-8B6F-4646-8316-066C8B6D50F2}.Release|x64.ActiveCfg = Release|Any CPU
		{D08F8C3F-8B6F-4646-8316-066C8B6D50F2}.Release|x64.Build.0 = Release|Any CPU
		{D08F8C3F-8B6F-4646-8316-066C8B6D50F2}.Release|x86.ActiveCfg = Release|Any CPU
		{D08F8C3F-8B6F-4646-8316-066C8B6D50F2}.Release|x86.Build.0 = Release|Any CPU
		{D08F8C3F-8B6F-4646-8316-066C8B6D50F2}.Release-Net45|Any CPU.ActiveCfg = Release|Any CPU
		{D08F8C3F-8B6F-4646-8316-066C8B6D50F2}.Release-Net45|Any CPU.Build.0 = Release|Any CPU
		{D08F8C3F-8B6F-4646-8316-066C8B6D50F2}.Release-Net45|x64.ActiveCfg = Release|Any CPU
		{D08F8C3F-8B6F-4646-8316-066C8B6D50F2}.Release-Net45|x64.Build.0 = Release|Any CPU
		{D08F8C3F-8B6F-4646-8316-066C8B6D50F2}.Release-Net45|x86.ActiveCfg = Release|Any CPU
		{D08F8C3F-8B6F-4646-8316-066C8B6D50F2}.Release-Net45|x86.Build.0 = Release|Any CPU
		{D08F8C3F-8B6F-4646-8316-066C8B6D50F2}.Release-Net462|Any CPU.ActiveCfg = Release|Any CPU
		{D08F8C3F-8B6F-4646-8316-066C8B6D50F2}.Release-Net462|Any CPU.Build.0 = Release|Any CPU
		{D08F8C3F-8B6F-4646-8316-066C8B6D50F2}.Release-Net462|x64.ActiveCfg = Release|Any CPU
		{D08F8C3F-8B6F-4646-8316-066C8B6D50F2}.Release-Net462|x64.Build.0 = Release|Any CPU
		{D08F8C3F-8B6F-4646-8316-066C8B6D50F2}.Release-Net462|x86.ActiveCfg = Release|Any CPU
		{D08F8C3F-8B6F-4646-8316-066C8B6D50F2}.Release-Net462|x86.Build.0 = Release|Any CPU
		{D08F8C3F-8B6F-4646-8316-066C8B6D50F2}.v4.0-Debug|Any CPU.ActiveCfg = Debug|Any CPU
		{D08F8C3F-8B6F-4646-8316-066C8B6D50F2}.v4.0-Debug|Any CPU.Build.0 = Debug|Any CPU
		{D08F8C3F-8B6F-4646-8316-066C8B6D50F2}.v4.0-Debug|x64.ActiveCfg = Debug|Any CPU
		{D08F8C3F-8B6F-4646-8316-066C8B6D50F2}.v4.0-Debug|x64.Build.0 = Debug|Any CPU
		{D08F8C3F-8B6F-4646-8316-066C8B6D50F2}.v4.0-Debug|x86.ActiveCfg = Debug|Any CPU
		{D08F8C3F-8B6F-4646-8316-066C8B6D50F2}.v4.0-Debug|x86.Build.0 = Debug|Any CPU
		{D08F8C3F-8B6F-4646-8316-066C8B6D50F2}.v4.0-Release|Any CPU.ActiveCfg = Release|Any CPU
		{D08F8C3F-8B6F-4646-8316-066C8B6D50F2}.v4.0-Release|Any CPU.Build.0 = Release|Any CPU
		{D08F8C3F-8B6F-4646-8316-066C8B6D50F2}.v4.0-Release|x64.ActiveCfg = Release|Any CPU
		{D08F8C3F-8B6F-4646-8316-066C8B6D50F2}.v4.0-Release|x64.Build.0 = Release|Any CPU
		{D08F8C3F-8B6F-4646-8316-066C8B6D50F2}.v4.0-Release|x86.ActiveCfg = Release|Any CPU
		{D08F8C3F-8B6F-4646-8316-066C8B6D50F2}.v4.0-Release|x86.Build.0 = Release|Any CPU
		{C18332FB-F1ED-4FE9-9804-0D1CD67E646F}.Debug|Any CPU.ActiveCfg = Debug|Any CPU
		{C18332FB-F1ED-4FE9-9804-0D1CD67E646F}.Debug|Any CPU.Build.0 = Debug|Any CPU
		{C18332FB-F1ED-4FE9-9804-0D1CD67E646F}.Debug|x64.ActiveCfg = Debug|x64
		{C18332FB-F1ED-4FE9-9804-0D1CD67E646F}.Debug|x64.Build.0 = Debug|x64
		{C18332FB-F1ED-4FE9-9804-0D1CD67E646F}.Debug|x86.ActiveCfg = Debug|x86
		{C18332FB-F1ED-4FE9-9804-0D1CD67E646F}.Debug|x86.Build.0 = Debug|x86
		{C18332FB-F1ED-4FE9-9804-0D1CD67E646F}.Debug-Net45|Any CPU.ActiveCfg = Debug|Any CPU
		{C18332FB-F1ED-4FE9-9804-0D1CD67E646F}.Debug-Net45|Any CPU.Build.0 = Debug|Any CPU
		{C18332FB-F1ED-4FE9-9804-0D1CD67E646F}.Debug-Net45|x64.ActiveCfg = Debug|Any CPU
		{C18332FB-F1ED-4FE9-9804-0D1CD67E646F}.Debug-Net45|x64.Build.0 = Debug|Any CPU
		{C18332FB-F1ED-4FE9-9804-0D1CD67E646F}.Debug-Net45|x86.ActiveCfg = Debug|Any CPU
		{C18332FB-F1ED-4FE9-9804-0D1CD67E646F}.Debug-Net45|x86.Build.0 = Debug|Any CPU
		{C18332FB-F1ED-4FE9-9804-0D1CD67E646F}.Debug-Net462|Any CPU.ActiveCfg = Debug|Any CPU
		{C18332FB-F1ED-4FE9-9804-0D1CD67E646F}.Debug-Net462|Any CPU.Build.0 = Debug|Any CPU
		{C18332FB-F1ED-4FE9-9804-0D1CD67E646F}.Debug-Net462|x64.ActiveCfg = Debug|Any CPU
		{C18332FB-F1ED-4FE9-9804-0D1CD67E646F}.Debug-Net462|x64.Build.0 = Debug|Any CPU
		{C18332FB-F1ED-4FE9-9804-0D1CD67E646F}.Debug-Net462|x86.ActiveCfg = Debug|Any CPU
		{C18332FB-F1ED-4FE9-9804-0D1CD67E646F}.Debug-Net462|x86.Build.0 = Debug|Any CPU
		{C18332FB-F1ED-4FE9-9804-0D1CD67E646F}.Release|Any CPU.ActiveCfg = Release|Any CPU
		{C18332FB-F1ED-4FE9-9804-0D1CD67E646F}.Release|Any CPU.Build.0 = Release|Any CPU
		{C18332FB-F1ED-4FE9-9804-0D1CD67E646F}.Release|x64.ActiveCfg = Release|Any CPU
		{C18332FB-F1ED-4FE9-9804-0D1CD67E646F}.Release|x64.Build.0 = Release|Any CPU
		{C18332FB-F1ED-4FE9-9804-0D1CD67E646F}.Release|x86.ActiveCfg = Release|Any CPU
		{C18332FB-F1ED-4FE9-9804-0D1CD67E646F}.Release|x86.Build.0 = Release|Any CPU
		{C18332FB-F1ED-4FE9-9804-0D1CD67E646F}.Release-Net45|Any CPU.ActiveCfg = Release|Any CPU
		{C18332FB-F1ED-4FE9-9804-0D1CD67E646F}.Release-Net45|Any CPU.Build.0 = Release|Any CPU
		{C18332FB-F1ED-4FE9-9804-0D1CD67E646F}.Release-Net45|x64.ActiveCfg = Release|Any CPU
		{C18332FB-F1ED-4FE9-9804-0D1CD67E646F}.Release-Net45|x64.Build.0 = Release|Any CPU
		{C18332FB-F1ED-4FE9-9804-0D1CD67E646F}.Release-Net45|x86.ActiveCfg = Release|Any CPU
		{C18332FB-F1ED-4FE9-9804-0D1CD67E646F}.Release-Net45|x86.Build.0 = Release|Any CPU
		{C18332FB-F1ED-4FE9-9804-0D1CD67E646F}.Release-Net462|Any CPU.ActiveCfg = Release|Any CPU
		{C18332FB-F1ED-4FE9-9804-0D1CD67E646F}.Release-Net462|Any CPU.Build.0 = Release|Any CPU
		{C18332FB-F1ED-4FE9-9804-0D1CD67E646F}.Release-Net462|x64.ActiveCfg = Release|Any CPU
		{C18332FB-F1ED-4FE9-9804-0D1CD67E646F}.Release-Net462|x64.Build.0 = Release|Any CPU
		{C18332FB-F1ED-4FE9-9804-0D1CD67E646F}.Release-Net462|x86.ActiveCfg = Release|Any CPU
		{C18332FB-F1ED-4FE9-9804-0D1CD67E646F}.Release-Net462|x86.Build.0 = Release|Any CPU
		{C18332FB-F1ED-4FE9-9804-0D1CD67E646F}.v4.0-Debug|Any CPU.ActiveCfg = Debug|Any CPU
		{C18332FB-F1ED-4FE9-9804-0D1CD67E646F}.v4.0-Debug|Any CPU.Build.0 = Debug|Any CPU
		{C18332FB-F1ED-4FE9-9804-0D1CD67E646F}.v4.0-Debug|x64.ActiveCfg = Debug|Any CPU
		{C18332FB-F1ED-4FE9-9804-0D1CD67E646F}.v4.0-Debug|x64.Build.0 = Debug|Any CPU
		{C18332FB-F1ED-4FE9-9804-0D1CD67E646F}.v4.0-Debug|x86.ActiveCfg = Debug|Any CPU
		{C18332FB-F1ED-4FE9-9804-0D1CD67E646F}.v4.0-Debug|x86.Build.0 = Debug|Any CPU
		{C18332FB-F1ED-4FE9-9804-0D1CD67E646F}.v4.0-Release|Any CPU.ActiveCfg = Release|Any CPU
		{C18332FB-F1ED-4FE9-9804-0D1CD67E646F}.v4.0-Release|Any CPU.Build.0 = Release|Any CPU
		{C18332FB-F1ED-4FE9-9804-0D1CD67E646F}.v4.0-Release|x64.ActiveCfg = Release|Any CPU
		{C18332FB-F1ED-4FE9-9804-0D1CD67E646F}.v4.0-Release|x64.Build.0 = Release|Any CPU
		{C18332FB-F1ED-4FE9-9804-0D1CD67E646F}.v4.0-Release|x86.ActiveCfg = Release|Any CPU
		{C18332FB-F1ED-4FE9-9804-0D1CD67E646F}.v4.0-Release|x86.Build.0 = Release|Any CPU
		{A50BC1FF-14ED-4AFD-A14E-3278F667B5A5}.Debug|Any CPU.ActiveCfg = Debug|Any CPU
		{A50BC1FF-14ED-4AFD-A14E-3278F667B5A5}.Debug|Any CPU.Build.0 = Debug|Any CPU
		{A50BC1FF-14ED-4AFD-A14E-3278F667B5A5}.Debug|x64.ActiveCfg = Debug|x64
		{A50BC1FF-14ED-4AFD-A14E-3278F667B5A5}.Debug|x64.Build.0 = Debug|x64
		{A50BC1FF-14ED-4AFD-A14E-3278F667B5A5}.Debug|x86.ActiveCfg = Debug|x86
		{A50BC1FF-14ED-4AFD-A14E-3278F667B5A5}.Debug|x86.Build.0 = Debug|x86
		{A50BC1FF-14ED-4AFD-A14E-3278F667B5A5}.Debug-Net45|Any CPU.ActiveCfg = Debug|Any CPU
		{A50BC1FF-14ED-4AFD-A14E-3278F667B5A5}.Debug-Net45|Any CPU.Build.0 = Debug|Any CPU
		{A50BC1FF-14ED-4AFD-A14E-3278F667B5A5}.Debug-Net45|x64.ActiveCfg = Debug|Any CPU
		{A50BC1FF-14ED-4AFD-A14E-3278F667B5A5}.Debug-Net45|x64.Build.0 = Debug|Any CPU
		{A50BC1FF-14ED-4AFD-A14E-3278F667B5A5}.Debug-Net45|x86.ActiveCfg = Debug|x86
		{A50BC1FF-14ED-4AFD-A14E-3278F667B5A5}.Debug-Net45|x86.Build.0 = Debug|x86
		{A50BC1FF-14ED-4AFD-A14E-3278F667B5A5}.Debug-Net462|Any CPU.ActiveCfg = Debug|Any CPU
		{A50BC1FF-14ED-4AFD-A14E-3278F667B5A5}.Debug-Net462|Any CPU.Build.0 = Debug|Any CPU
		{A50BC1FF-14ED-4AFD-A14E-3278F667B5A5}.Debug-Net462|x64.ActiveCfg = Debug|Any CPU
		{A50BC1FF-14ED-4AFD-A14E-3278F667B5A5}.Debug-Net462|x64.Build.0 = Debug|Any CPU
		{A50BC1FF-14ED-4AFD-A14E-3278F667B5A5}.Debug-Net462|x86.ActiveCfg = Debug|x86
		{A50BC1FF-14ED-4AFD-A14E-3278F667B5A5}.Debug-Net462|x86.Build.0 = Debug|x86
		{A50BC1FF-14ED-4AFD-A14E-3278F667B5A5}.Release|Any CPU.ActiveCfg = Release|Any CPU
		{A50BC1FF-14ED-4AFD-A14E-3278F667B5A5}.Release|Any CPU.Build.0 = Release|Any CPU
		{A50BC1FF-14ED-4AFD-A14E-3278F667B5A5}.Release|x64.ActiveCfg = Release|Any CPU
		{A50BC1FF-14ED-4AFD-A14E-3278F667B5A5}.Release|x64.Build.0 = Release|Any CPU
		{A50BC1FF-14ED-4AFD-A14E-3278F667B5A5}.Release|x86.ActiveCfg = Release|x86
		{A50BC1FF-14ED-4AFD-A14E-3278F667B5A5}.Release|x86.Build.0 = Release|x86
		{A50BC1FF-14ED-4AFD-A14E-3278F667B5A5}.Release-Net45|Any CPU.ActiveCfg = Release|Any CPU
		{A50BC1FF-14ED-4AFD-A14E-3278F667B5A5}.Release-Net45|Any CPU.Build.0 = Release|Any CPU
		{A50BC1FF-14ED-4AFD-A14E-3278F667B5A5}.Release-Net45|x64.ActiveCfg = Release|Any CPU
		{A50BC1FF-14ED-4AFD-A14E-3278F667B5A5}.Release-Net45|x64.Build.0 = Release|Any CPU
		{A50BC1FF-14ED-4AFD-A14E-3278F667B5A5}.Release-Net45|x86.ActiveCfg = Release|x86
		{A50BC1FF-14ED-4AFD-A14E-3278F667B5A5}.Release-Net45|x86.Build.0 = Release|x86
		{A50BC1FF-14ED-4AFD-A14E-3278F667B5A5}.Release-Net462|Any CPU.ActiveCfg = Release|Any CPU
		{A50BC1FF-14ED-4AFD-A14E-3278F667B5A5}.Release-Net462|Any CPU.Build.0 = Release|Any CPU
		{A50BC1FF-14ED-4AFD-A14E-3278F667B5A5}.Release-Net462|x64.ActiveCfg = Release|Any CPU
		{A50BC1FF-14ED-4AFD-A14E-3278F667B5A5}.Release-Net462|x64.Build.0 = Release|Any CPU
		{A50BC1FF-14ED-4AFD-A14E-3278F667B5A5}.Release-Net462|x86.ActiveCfg = Release|x86
		{A50BC1FF-14ED-4AFD-A14E-3278F667B5A5}.Release-Net462|x86.Build.0 = Release|x86
		{A50BC1FF-14ED-4AFD-A14E-3278F667B5A5}.v4.0-Debug|Any CPU.ActiveCfg = Debug|Any CPU
		{A50BC1FF-14ED-4AFD-A14E-3278F667B5A5}.v4.0-Debug|Any CPU.Build.0 = Debug|Any CPU
		{A50BC1FF-14ED-4AFD-A14E-3278F667B5A5}.v4.0-Debug|x64.ActiveCfg = Debug|Any CPU
		{A50BC1FF-14ED-4AFD-A14E-3278F667B5A5}.v4.0-Debug|x64.Build.0 = Debug|Any CPU
		{A50BC1FF-14ED-4AFD-A14E-3278F667B5A5}.v4.0-Debug|x86.ActiveCfg = Debug|x86
		{A50BC1FF-14ED-4AFD-A14E-3278F667B5A5}.v4.0-Debug|x86.Build.0 = Debug|x86
		{A50BC1FF-14ED-4AFD-A14E-3278F667B5A5}.v4.0-Release|Any CPU.ActiveCfg = Release|Any CPU
		{A50BC1FF-14ED-4AFD-A14E-3278F667B5A5}.v4.0-Release|Any CPU.Build.0 = Release|Any CPU
		{A50BC1FF-14ED-4AFD-A14E-3278F667B5A5}.v4.0-Release|x64.ActiveCfg = Release|Any CPU
		{A50BC1FF-14ED-4AFD-A14E-3278F667B5A5}.v4.0-Release|x64.Build.0 = Release|Any CPU
		{A50BC1FF-14ED-4AFD-A14E-3278F667B5A5}.v4.0-Release|x86.ActiveCfg = Release|x86
		{A50BC1FF-14ED-4AFD-A14E-3278F667B5A5}.v4.0-Release|x86.Build.0 = Release|x86
		{F8E6B699-A86B-4956-A34D-FD712827B1E8}.Debug|Any CPU.ActiveCfg = Debug|Any CPU
		{F8E6B699-A86B-4956-A34D-FD712827B1E8}.Debug|Any CPU.Build.0 = Debug|Any CPU
		{F8E6B699-A86B-4956-A34D-FD712827B1E8}.Debug|x64.ActiveCfg = Debug|x64
		{F8E6B699-A86B-4956-A34D-FD712827B1E8}.Debug|x64.Build.0 = Debug|x64
		{F8E6B699-A86B-4956-A34D-FD712827B1E8}.Debug|x86.ActiveCfg = Debug|x86
		{F8E6B699-A86B-4956-A34D-FD712827B1E8}.Debug|x86.Build.0 = Debug|x86
		{F8E6B699-A86B-4956-A34D-FD712827B1E8}.Debug-Net45|Any CPU.ActiveCfg = Debug|Any CPU
		{F8E6B699-A86B-4956-A34D-FD712827B1E8}.Debug-Net45|Any CPU.Build.0 = Debug|Any CPU
		{F8E6B699-A86B-4956-A34D-FD712827B1E8}.Debug-Net45|x64.ActiveCfg = Debug|Any CPU
		{F8E6B699-A86B-4956-A34D-FD712827B1E8}.Debug-Net45|x64.Build.0 = Debug|Any CPU
		{F8E6B699-A86B-4956-A34D-FD712827B1E8}.Debug-Net45|x86.ActiveCfg = Debug|x86
		{F8E6B699-A86B-4956-A34D-FD712827B1E8}.Debug-Net45|x86.Build.0 = Debug|x86
		{F8E6B699-A86B-4956-A34D-FD712827B1E8}.Debug-Net462|Any CPU.ActiveCfg = Debug|Any CPU
		{F8E6B699-A86B-4956-A34D-FD712827B1E8}.Debug-Net462|Any CPU.Build.0 = Debug|Any CPU
		{F8E6B699-A86B-4956-A34D-FD712827B1E8}.Debug-Net462|x64.ActiveCfg = Debug|Any CPU
		{F8E6B699-A86B-4956-A34D-FD712827B1E8}.Debug-Net462|x64.Build.0 = Debug|Any CPU
		{F8E6B699-A86B-4956-A34D-FD712827B1E8}.Debug-Net462|x86.ActiveCfg = Debug|x86
		{F8E6B699-A86B-4956-A34D-FD712827B1E8}.Debug-Net462|x86.Build.0 = Debug|x86
		{F8E6B699-A86B-4956-A34D-FD712827B1E8}.Release|Any CPU.ActiveCfg = Release|Any CPU
		{F8E6B699-A86B-4956-A34D-FD712827B1E8}.Release|Any CPU.Build.0 = Release|Any CPU
		{F8E6B699-A86B-4956-A34D-FD712827B1E8}.Release|x64.ActiveCfg = Release|Any CPU
		{F8E6B699-A86B-4956-A34D-FD712827B1E8}.Release|x64.Build.0 = Release|Any CPU
		{F8E6B699-A86B-4956-A34D-FD712827B1E8}.Release|x86.ActiveCfg = Release|x86
		{F8E6B699-A86B-4956-A34D-FD712827B1E8}.Release|x86.Build.0 = Release|x86
		{F8E6B699-A86B-4956-A34D-FD712827B1E8}.Release-Net45|Any CPU.ActiveCfg = Release|Any CPU
		{F8E6B699-A86B-4956-A34D-FD712827B1E8}.Release-Net45|Any CPU.Build.0 = Release|Any CPU
		{F8E6B699-A86B-4956-A34D-FD712827B1E8}.Release-Net45|x64.ActiveCfg = Release|Any CPU
		{F8E6B699-A86B-4956-A34D-FD712827B1E8}.Release-Net45|x64.Build.0 = Release|Any CPU
		{F8E6B699-A86B-4956-A34D-FD712827B1E8}.Release-Net45|x86.ActiveCfg = Release|x86
		{F8E6B699-A86B-4956-A34D-FD712827B1E8}.Release-Net45|x86.Build.0 = Release|x86
		{F8E6B699-A86B-4956-A34D-FD712827B1E8}.Release-Net462|Any CPU.ActiveCfg = Release|Any CPU
		{F8E6B699-A86B-4956-A34D-FD712827B1E8}.Release-Net462|Any CPU.Build.0 = Release|Any CPU
		{F8E6B699-A86B-4956-A34D-FD712827B1E8}.Release-Net462|x64.ActiveCfg = Release|Any CPU
		{F8E6B699-A86B-4956-A34D-FD712827B1E8}.Release-Net462|x64.Build.0 = Release|Any CPU
		{F8E6B699-A86B-4956-A34D-FD712827B1E8}.Release-Net462|x86.ActiveCfg = Release|x86
		{F8E6B699-A86B-4956-A34D-FD712827B1E8}.Release-Net462|x86.Build.0 = Release|x86
		{F8E6B699-A86B-4956-A34D-FD712827B1E8}.v4.0-Debug|Any CPU.ActiveCfg = Debug|Any CPU
		{F8E6B699-A86B-4956-A34D-FD712827B1E8}.v4.0-Debug|Any CPU.Build.0 = Debug|Any CPU
		{F8E6B699-A86B-4956-A34D-FD712827B1E8}.v4.0-Debug|x64.ActiveCfg = Debug|Any CPU
		{F8E6B699-A86B-4956-A34D-FD712827B1E8}.v4.0-Debug|x64.Build.0 = Debug|Any CPU
		{F8E6B699-A86B-4956-A34D-FD712827B1E8}.v4.0-Debug|x86.ActiveCfg = Debug|x86
		{F8E6B699-A86B-4956-A34D-FD712827B1E8}.v4.0-Debug|x86.Build.0 = Debug|x86
		{F8E6B699-A86B-4956-A34D-FD712827B1E8}.v4.0-Release|Any CPU.ActiveCfg = Release|Any CPU
		{F8E6B699-A86B-4956-A34D-FD712827B1E8}.v4.0-Release|Any CPU.Build.0 = Release|Any CPU
		{F8E6B699-A86B-4956-A34D-FD712827B1E8}.v4.0-Release|x64.ActiveCfg = Release|Any CPU
		{F8E6B699-A86B-4956-A34D-FD712827B1E8}.v4.0-Release|x64.Build.0 = Release|Any CPU
		{F8E6B699-A86B-4956-A34D-FD712827B1E8}.v4.0-Release|x86.ActiveCfg = Release|x86
		{F8E6B699-A86B-4956-A34D-FD712827B1E8}.v4.0-Release|x86.Build.0 = Release|x86
		{C69A5743-D716-4041-8282-DDC520E4896F}.Debug|Any CPU.ActiveCfg = Debug|Any CPU
		{C69A5743-D716-4041-8282-DDC520E4896F}.Debug|Any CPU.Build.0 = Debug|Any CPU
		{C69A5743-D716-4041-8282-DDC520E4896F}.Debug|x64.ActiveCfg = Debug|x64
		{C69A5743-D716-4041-8282-DDC520E4896F}.Debug|x64.Build.0 = Debug|x64
		{C69A5743-D716-4041-8282-DDC520E4896F}.Debug|x86.ActiveCfg = Debug|Any CPU
		{C69A5743-D716-4041-8282-DDC520E4896F}.Debug|x86.Build.0 = Debug|Any CPU
		{C69A5743-D716-4041-8282-DDC520E4896F}.Debug-Net45|Any CPU.ActiveCfg = Debug|Any CPU
		{C69A5743-D716-4041-8282-DDC520E4896F}.Debug-Net45|Any CPU.Build.0 = Debug|Any CPU
		{C69A5743-D716-4041-8282-DDC520E4896F}.Debug-Net45|x64.ActiveCfg = Debug|Any CPU
		{C69A5743-D716-4041-8282-DDC520E4896F}.Debug-Net45|x64.Build.0 = Debug|Any CPU
		{C69A5743-D716-4041-8282-DDC520E4896F}.Debug-Net45|x86.ActiveCfg = Debug|Any CPU
		{C69A5743-D716-4041-8282-DDC520E4896F}.Debug-Net45|x86.Build.0 = Debug|Any CPU
		{C69A5743-D716-4041-8282-DDC520E4896F}.Debug-Net462|Any CPU.ActiveCfg = Debug|Any CPU
		{C69A5743-D716-4041-8282-DDC520E4896F}.Debug-Net462|Any CPU.Build.0 = Debug|Any CPU
		{C69A5743-D716-4041-8282-DDC520E4896F}.Debug-Net462|x64.ActiveCfg = Debug|Any CPU
		{C69A5743-D716-4041-8282-DDC520E4896F}.Debug-Net462|x64.Build.0 = Debug|Any CPU
		{C69A5743-D716-4041-8282-DDC520E4896F}.Debug-Net462|x86.ActiveCfg = Debug|Any CPU
		{C69A5743-D716-4041-8282-DDC520E4896F}.Debug-Net462|x86.Build.0 = Debug|Any CPU
		{C69A5743-D716-4041-8282-DDC520E4896F}.Release|Any CPU.ActiveCfg = Release|Any CPU
		{C69A5743-D716-4041-8282-DDC520E4896F}.Release|Any CPU.Build.0 = Release|Any CPU
		{C69A5743-D716-4041-8282-DDC520E4896F}.Release|x64.ActiveCfg = Release|Any CPU
		{C69A5743-D716-4041-8282-DDC520E4896F}.Release|x64.Build.0 = Release|Any CPU
		{C69A5743-D716-4041-8282-DDC520E4896F}.Release|x86.ActiveCfg = Release|Any CPU
		{C69A5743-D716-4041-8282-DDC520E4896F}.Release|x86.Build.0 = Release|Any CPU
		{C69A5743-D716-4041-8282-DDC520E4896F}.Release-Net45|Any CPU.ActiveCfg = Release|Any CPU
		{C69A5743-D716-4041-8282-DDC520E4896F}.Release-Net45|Any CPU.Build.0 = Release|Any CPU
		{C69A5743-D716-4041-8282-DDC520E4896F}.Release-Net45|x64.ActiveCfg = Release|Any CPU
		{C69A5743-D716-4041-8282-DDC520E4896F}.Release-Net45|x64.Build.0 = Release|Any CPU
		{C69A5743-D716-4041-8282-DDC520E4896F}.Release-Net45|x86.ActiveCfg = Release|Any CPU
		{C69A5743-D716-4041-8282-DDC520E4896F}.Release-Net45|x86.Build.0 = Release|Any CPU
		{C69A5743-D716-4041-8282-DDC520E4896F}.Release-Net462|Any CPU.ActiveCfg = Release|Any CPU
		{C69A5743-D716-4041-8282-DDC520E4896F}.Release-Net462|Any CPU.Build.0 = Release|Any CPU
		{C69A5743-D716-4041-8282-DDC520E4896F}.Release-Net462|x64.ActiveCfg = Release|Any CPU
		{C69A5743-D716-4041-8282-DDC520E4896F}.Release-Net462|x64.Build.0 = Release|Any CPU
		{C69A5743-D716-4041-8282-DDC520E4896F}.Release-Net462|x86.ActiveCfg = Release|Any CPU
		{C69A5743-D716-4041-8282-DDC520E4896F}.Release-Net462|x86.Build.0 = Release|Any CPU
		{C69A5743-D716-4041-8282-DDC520E4896F}.v4.0-Debug|Any CPU.ActiveCfg = Debug|Any CPU
		{C69A5743-D716-4041-8282-DDC520E4896F}.v4.0-Debug|Any CPU.Build.0 = Debug|Any CPU
		{C69A5743-D716-4041-8282-DDC520E4896F}.v4.0-Debug|x64.ActiveCfg = Debug|Any CPU
		{C69A5743-D716-4041-8282-DDC520E4896F}.v4.0-Debug|x64.Build.0 = Debug|Any CPU
		{C69A5743-D716-4041-8282-DDC520E4896F}.v4.0-Debug|x86.ActiveCfg = Debug|Any CPU
		{C69A5743-D716-4041-8282-DDC520E4896F}.v4.0-Debug|x86.Build.0 = Debug|Any CPU
		{C69A5743-D716-4041-8282-DDC520E4896F}.v4.0-Release|Any CPU.ActiveCfg = Release|Any CPU
		{C69A5743-D716-4041-8282-DDC520E4896F}.v4.0-Release|Any CPU.Build.0 = Release|Any CPU
		{C69A5743-D716-4041-8282-DDC520E4896F}.v4.0-Release|x64.ActiveCfg = Release|Any CPU
		{C69A5743-D716-4041-8282-DDC520E4896F}.v4.0-Release|x64.Build.0 = Release|Any CPU
		{C69A5743-D716-4041-8282-DDC520E4896F}.v4.0-Release|x86.ActiveCfg = Release|Any CPU
		{C69A5743-D716-4041-8282-DDC520E4896F}.v4.0-Release|x86.Build.0 = Release|Any CPU
		{4AF5DF27-3283-4030-BC6C-7069B70964E1}.Debug|Any CPU.ActiveCfg = Debug|Any CPU
		{4AF5DF27-3283-4030-BC6C-7069B70964E1}.Debug|Any CPU.Build.0 = Debug|Any CPU
		{4AF5DF27-3283-4030-BC6C-7069B70964E1}.Debug|x64.ActiveCfg = Debug|Any CPU
		{4AF5DF27-3283-4030-BC6C-7069B70964E1}.Debug|x64.Build.0 = Debug|Any CPU
		{4AF5DF27-3283-4030-BC6C-7069B70964E1}.Debug|x86.ActiveCfg = Debug|Any CPU
		{4AF5DF27-3283-4030-BC6C-7069B70964E1}.Debug|x86.Build.0 = Debug|Any CPU
		{4AF5DF27-3283-4030-BC6C-7069B70964E1}.Debug-Net45|Any CPU.ActiveCfg = Debug|Any CPU
		{4AF5DF27-3283-4030-BC6C-7069B70964E1}.Debug-Net45|Any CPU.Build.0 = Debug|Any CPU
		{4AF5DF27-3283-4030-BC6C-7069B70964E1}.Debug-Net45|x64.ActiveCfg = Debug|Any CPU
		{4AF5DF27-3283-4030-BC6C-7069B70964E1}.Debug-Net45|x64.Build.0 = Debug|Any CPU
		{4AF5DF27-3283-4030-BC6C-7069B70964E1}.Debug-Net45|x86.ActiveCfg = Debug|Any CPU
		{4AF5DF27-3283-4030-BC6C-7069B70964E1}.Debug-Net45|x86.Build.0 = Debug|Any CPU
		{4AF5DF27-3283-4030-BC6C-7069B70964E1}.Debug-Net462|Any CPU.ActiveCfg = Debug|Any CPU
		{4AF5DF27-3283-4030-BC6C-7069B70964E1}.Debug-Net462|Any CPU.Build.0 = Debug|Any CPU
		{4AF5DF27-3283-4030-BC6C-7069B70964E1}.Debug-Net462|x64.ActiveCfg = Debug|Any CPU
		{4AF5DF27-3283-4030-BC6C-7069B70964E1}.Debug-Net462|x64.Build.0 = Debug|Any CPU
		{4AF5DF27-3283-4030-BC6C-7069B70964E1}.Debug-Net462|x86.ActiveCfg = Debug|Any CPU
		{4AF5DF27-3283-4030-BC6C-7069B70964E1}.Debug-Net462|x86.Build.0 = Debug|Any CPU
		{4AF5DF27-3283-4030-BC6C-7069B70964E1}.Release|Any CPU.ActiveCfg = Release|Any CPU
		{4AF5DF27-3283-4030-BC6C-7069B70964E1}.Release|Any CPU.Build.0 = Release|Any CPU
		{4AF5DF27-3283-4030-BC6C-7069B70964E1}.Release|x64.ActiveCfg = Release|Any CPU
		{4AF5DF27-3283-4030-BC6C-7069B70964E1}.Release|x64.Build.0 = Release|Any CPU
		{4AF5DF27-3283-4030-BC6C-7069B70964E1}.Release|x86.ActiveCfg = Release|Any CPU
		{4AF5DF27-3283-4030-BC6C-7069B70964E1}.Release|x86.Build.0 = Release|Any CPU
		{4AF5DF27-3283-4030-BC6C-7069B70964E1}.Release-Net45|Any CPU.ActiveCfg = Release|Any CPU
		{4AF5DF27-3283-4030-BC6C-7069B70964E1}.Release-Net45|Any CPU.Build.0 = Release|Any CPU
		{4AF5DF27-3283-4030-BC6C-7069B70964E1}.Release-Net45|x64.ActiveCfg = Release|Any CPU
		{4AF5DF27-3283-4030-BC6C-7069B70964E1}.Release-Net45|x64.Build.0 = Release|Any CPU
		{4AF5DF27-3283-4030-BC6C-7069B70964E1}.Release-Net45|x86.ActiveCfg = Release|Any CPU
		{4AF5DF27-3283-4030-BC6C-7069B70964E1}.Release-Net45|x86.Build.0 = Release|Any CPU
		{4AF5DF27-3283-4030-BC6C-7069B70964E1}.Release-Net462|Any CPU.ActiveCfg = Release|Any CPU
		{4AF5DF27-3283-4030-BC6C-7069B70964E1}.Release-Net462|Any CPU.Build.0 = Release|Any CPU
		{4AF5DF27-3283-4030-BC6C-7069B70964E1}.Release-Net462|x64.ActiveCfg = Release|Any CPU
		{4AF5DF27-3283-4030-BC6C-7069B70964E1}.Release-Net462|x64.Build.0 = Release|Any CPU
		{4AF5DF27-3283-4030-BC6C-7069B70964E1}.Release-Net462|x86.ActiveCfg = Release|Any CPU
		{4AF5DF27-3283-4030-BC6C-7069B70964E1}.Release-Net462|x86.Build.0 = Release|Any CPU
		{4AF5DF27-3283-4030-BC6C-7069B70964E1}.v4.0-Debug|Any CPU.ActiveCfg = Debug|Any CPU
		{4AF5DF27-3283-4030-BC6C-7069B70964E1}.v4.0-Debug|Any CPU.Build.0 = Debug|Any CPU
		{4AF5DF27-3283-4030-BC6C-7069B70964E1}.v4.0-Debug|x64.ActiveCfg = Debug|Any CPU
		{4AF5DF27-3283-4030-BC6C-7069B70964E1}.v4.0-Debug|x64.Build.0 = Debug|Any CPU
		{4AF5DF27-3283-4030-BC6C-7069B70964E1}.v4.0-Debug|x86.ActiveCfg = Debug|Any CPU
		{4AF5DF27-3283-4030-BC6C-7069B70964E1}.v4.0-Debug|x86.Build.0 = Debug|Any CPU
		{4AF5DF27-3283-4030-BC6C-7069B70964E1}.v4.0-Release|Any CPU.ActiveCfg = Release|Any CPU
		{4AF5DF27-3283-4030-BC6C-7069B70964E1}.v4.0-Release|Any CPU.Build.0 = Release|Any CPU
		{4AF5DF27-3283-4030-BC6C-7069B70964E1}.v4.0-Release|x64.ActiveCfg = Release|Any CPU
		{4AF5DF27-3283-4030-BC6C-7069B70964E1}.v4.0-Release|x64.Build.0 = Release|Any CPU
		{4AF5DF27-3283-4030-BC6C-7069B70964E1}.v4.0-Release|x86.ActiveCfg = Release|Any CPU
		{4AF5DF27-3283-4030-BC6C-7069B70964E1}.v4.0-Release|x86.Build.0 = Release|Any CPU
	EndGlobalSection
	GlobalSection(SolutionProperties) = preSolution
		HideSolutionNode = FALSE
	EndGlobalSection
	GlobalSection(NestedProjects) = preSolution
		{96D5A6F4-2553-4336-A27D-E265A05A6E53} = {1935F980-A8B7-42CB-ACC4-10D84FB5C53D}
		{A9DC276C-AD86-411D-9F5F-60DF24CD304F} = {1935F980-A8B7-42CB-ACC4-10D84FB5C53D}
		{5EB6811D-CB23-4702-98CD-D60742A862F2} = {1935F980-A8B7-42CB-ACC4-10D84FB5C53D}
		{D0C39D9D-BED0-418B-9A5E-713176CAF40C} = {3F3BE65E-3BF3-4AD9-966A-347644C07E1A}
		{E06DEF77-F933-42FB-AFD7-DB2D0D8D6A98} = {3F3BE65E-3BF3-4AD9-966A-347644C07E1A}
		{644FE7D4-0184-400F-B2D7-99CB41360658} = {3F3BE65E-3BF3-4AD9-966A-347644C07E1A}
		{A2E07A76-8B2C-41A2-B23E-EA31AE94D706} = {3F3BE65E-3BF3-4AD9-966A-347644C07E1A}
		{83195AEF-0071-471C-9E8B-E67211F5D028} = {3F3BE65E-3BF3-4AD9-966A-347644C07E1A}
		{D08F8C3F-8B6F-4646-8316-066C8B6D50F2} = {1935F980-A8B7-42CB-ACC4-10D84FB5C53D}
		{C18332FB-F1ED-4FE9-9804-0D1CD67E646F} = {1935F980-A8B7-42CB-ACC4-10D84FB5C53D}
		{A50BC1FF-14ED-4AFD-A14E-3278F667B5A5} = {72605775-1517-4DE0-90F9-F9D66CDB8662}
		{F8E6B699-A86B-4956-A34D-FD712827B1E8} = {72605775-1517-4DE0-90F9-F9D66CDB8662}
		{C69A5743-D716-4041-8282-DDC520E4896F} = {06AF1607-71DC-4D43-9DD4-FBE78F69B4F7}
		{4AF5DF27-3283-4030-BC6C-7069B70964E1} = {58EE7190-D0CA-42AD-8D5D-7422E3CA4CE3}
	EndGlobalSection
	GlobalSection(ExtensibilityGlobals) = postSolution
		SolutionGuid = {E3353D91-DEAC-4548-9E3C-E65C78064F44}
	EndGlobalSection
EndGlobal
